// !$*UTF8*$!
{
	archiveVersion = 1;
	classes = {
	};
	objectVersion = 56;
	objects = {

/* Begin PBXBuildFile section */
		25200B3BFD4EE6F31018690E /* Pods_Monk_Mode_HabitsWidgetExtension.framework in Frameworks */ = {isa = PBXBuildFile; fileRef = 003EDA03E539778B6F3FDB3B /* Pods_Monk_Mode_HabitsWidgetExtension.framework */; };
		300F2E6A29C1AA5100F3E5B3 /* RulesView.swift in Sources */ = {isa = PBXBuildFile; fileRef = 300F2E6929C1AA5100F3E5B3 /* RulesView.swift */; };
		30106EFD29CE11710022392D /* MetalMania-Regular.ttf in Resources */ = {isa = PBXBuildFile; fileRef = 30BA0A8329A9272700B0B3AB /* MetalMania-Regular.ttf */; };
		30106EFE29CE11750022392D /* MetalMania-Regular.ttf in Resources */ = {isa = PBXBuildFile; fileRef = 30BA0A8329A9272700B0B3AB /* MetalMania-Regular.ttf */; };
		30106EFF29CEF7430022392D /* Assets.xcassets in Resources */ = {isa = PBXBuildFile; fileRef = 30BA0A5129A924FC00B0B3AB /* Assets.xcassets */; };
		30106F0129CF79BB0022392D /* Lore.swift in Sources */ = {isa = PBXBuildFile; fileRef = 30106F0029CF79BB0022392D /* Lore.swift */; };
		301363D529D45743001B33CD /* Staatliches-Regular.ttf in Resources */ = {isa = PBXBuildFile; fileRef = 301363D429D45743001B33CD /* Staatliches-Regular.ttf */; };
		301363D929D4E129001B33CD /* Assets.xcassets in Resources */ = {isa = PBXBuildFile; fileRef = 30BA0A5129A924FC00B0B3AB /* Assets.xcassets */; };
		301363DA29D4E12A001B33CD /* Assets.xcassets in Resources */ = {isa = PBXBuildFile; fileRef = 30BA0A5129A924FC00B0B3AB /* Assets.xcassets */; };
		301363DD29D4EEA8001B33CD /* Monk-Mode-Info.plist in Resources */ = {isa = PBXBuildFile; fileRef = 30BA0A8529A9274700B0B3AB /* Monk-Mode-Info.plist */; };
		301363DE29D4EEA9001B33CD /* Monk-Mode-Info.plist in Resources */ = {isa = PBXBuildFile; fileRef = 30BA0A8529A9274700B0B3AB /* Monk-Mode-Info.plist */; };
		3031D15629C88A5A0097A437 /* levelup.gif in Resources */ = {isa = PBXBuildFile; fileRef = 3031D15529C88A5A0097A437 /* levelup.gif */; };
		3054F9C629B947D100603EDC /* ColorsByLevel.swift in Sources */ = {isa = PBXBuildFile; fileRef = 3054F9C529B947D100603EDC /* ColorsByLevel.swift */; };
		3054F9C829B99BA200603EDC /* ProgressBar.swift in Sources */ = {isa = PBXBuildFile; fileRef = 3054F9C729B99BA200603EDC /* ProgressBar.swift */; };
		305858EE29F6262100E867F3 /* levelup_eff1.wav in Resources */ = {isa = PBXBuildFile; fileRef = 305858ED29F6262100E867F3 /* levelup_eff1.wav */; };
		307682F729CB2F7400DF3B94 /* WidgetKit.framework in Frameworks */ = {isa = PBXBuildFile; fileRef = 30C5D9AC29CA44AF00133663 /* WidgetKit.framework */; };
		307682F829CB2F7400DF3B94 /* SwiftUI.framework in Frameworks */ = {isa = PBXBuildFile; fileRef = 30C5D9AE29CA44AF00133663 /* SwiftUI.framework */; };
		307682FB29CB2F7500DF3B94 /* HabitsWidgetBundle.swift in Sources */ = {isa = PBXBuildFile; fileRef = 307682FA29CB2F7500DF3B94 /* HabitsWidgetBundle.swift */; };
		307682FD29CB2F7500DF3B94 /* HabitsWidget.swift in Sources */ = {isa = PBXBuildFile; fileRef = 307682FC29CB2F7500DF3B94 /* HabitsWidget.swift */; };
		307682FF29CB2F7600DF3B94 /* Assets.xcassets in Resources */ = {isa = PBXBuildFile; fileRef = 307682FE29CB2F7600DF3B94 /* Assets.xcassets */; };
		3076830329CB2F7600DF3B94 /* HabitsWidgetExtension.appex in Embed Foundation Extensions */ = {isa = PBXBuildFile; fileRef = 307682F629CB2F7400DF3B94 /* HabitsWidgetExtension.appex */; settings = {ATTRIBUTES = (RemoveHeadersOnCopy, ); }; };
		3076830929CB4B8600DF3B94 /* ActiveHabits.swift in Sources */ = {isa = PBXBuildFile; fileRef = 3076830829CB4B8600DF3B94 /* ActiveHabits.swift */; };
		308F175629B00316008DB163 /* CustomCalendar.swift in Sources */ = {isa = PBXBuildFile; fileRef = 308F175529B00316008DB163 /* CustomCalendar.swift */; };
		30A53ACB29B6937D008EE90D /* ChooseTimeView.swift in Sources */ = {isa = PBXBuildFile; fileRef = 30A53ACA29B6937D008EE90D /* ChooseTimeView.swift */; };
		30A53ACD29B6C012008EE90D /* StoreKit.framework in Frameworks */ = {isa = PBXBuildFile; fileRef = 30A53ACC29B6C012008EE90D /* StoreKit.framework */; };
		30A53AD229B6C403008EE90D /* StorekitManager.swift in Sources */ = {isa = PBXBuildFile; fileRef = 30A53AD129B6C403008EE90D /* StorekitManager.swift */; };
		30A53AD629B6C4A7008EE90D /* StorePage.swift in Sources */ = {isa = PBXBuildFile; fileRef = 30A53AD529B6C4A7008EE90D /* StorePage.swift */; };
		30B23EC729FCE42300B0E414 /* GoogleService-Info.plist in Resources */ = {isa = PBXBuildFile; fileRef = 30B23EC629FCE42300B0E414 /* GoogleService-Info.plist */; };
		30B23EC829FCE42300B0E414 /* GoogleService-Info.plist in Resources */ = {isa = PBXBuildFile; fileRef = 30B23EC629FCE42300B0E414 /* GoogleService-Info.plist */; };
		30B23EC929FCE42300B0E414 /* GoogleService-Info.plist in Resources */ = {isa = PBXBuildFile; fileRef = 30B23EC629FCE42300B0E414 /* GoogleService-Info.plist */; };
		30B23ECA29FCE42300B0E414 /* GoogleService-Info.plist in Resources */ = {isa = PBXBuildFile; fileRef = 30B23EC629FCE42300B0E414 /* GoogleService-Info.plist */; };
		30B23ECB29FCE42300B0E414 /* GoogleService-Info.plist in Resources */ = {isa = PBXBuildFile; fileRef = 30B23EC629FCE42300B0E414 /* GoogleService-Info.plist */; };
		30B23ECC29FCE42300B0E414 /* GoogleService-Info.plist in Resources */ = {isa = PBXBuildFile; fileRef = 30B23EC629FCE42300B0E414 /* GoogleService-Info.plist */; };
		30BA0A4E29A924FA00B0B3AB /* Monk_ModeApp.swift in Sources */ = {isa = PBXBuildFile; fileRef = 30BA0A4D29A924FA00B0B3AB /* Monk_ModeApp.swift */; };
		30BA0A5229A924FC00B0B3AB /* Assets.xcassets in Resources */ = {isa = PBXBuildFile; fileRef = 30BA0A5129A924FC00B0B3AB /* Assets.xcassets */; };
		30BA0A5529A924FC00B0B3AB /* Preview Assets.xcassets in Resources */ = {isa = PBXBuildFile; fileRef = 30BA0A5429A924FC00B0B3AB /* Preview Assets.xcassets */; };
		30BA0A5F29A924FC00B0B3AB /* Monk_ModeTests.swift in Sources */ = {isa = PBXBuildFile; fileRef = 30BA0A5E29A924FC00B0B3AB /* Monk_ModeTests.swift */; };
		30BA0A6929A924FC00B0B3AB /* Monk_ModeUITests.swift in Sources */ = {isa = PBXBuildFile; fileRef = 30BA0A6829A924FC00B0B3AB /* Monk_ModeUITests.swift */; };
		30BA0A6B29A924FC00B0B3AB /* Monk_ModeUITestsLaunchTests.swift in Sources */ = {isa = PBXBuildFile; fileRef = 30BA0A6A29A924FC00B0B3AB /* Monk_ModeUITestsLaunchTests.swift */; };
		30BA0A7E29A9259F00B0B3AB /* ChooseHabitsView.swift in Sources */ = {isa = PBXBuildFile; fileRef = 30BA0A7929A9259F00B0B3AB /* ChooseHabitsView.swift */; };
		30BA0A7F29A9259F00B0B3AB /* OnboardingView.swift in Sources */ = {isa = PBXBuildFile; fileRef = 30BA0A7A29A9259F00B0B3AB /* OnboardingView.swift */; };
		30BA0A8029A9259F00B0B3AB /* SpecifyhabitsView.swift in Sources */ = {isa = PBXBuildFile; fileRef = 30BA0A7B29A9259F00B0B3AB /* SpecifyhabitsView.swift */; };
		30BA0A8129A9259F00B0B3AB /* MainContentView.swift in Sources */ = {isa = PBXBuildFile; fileRef = 30BA0A7C29A9259F00B0B3AB /* MainContentView.swift */; };
		30BA0A8229A9259F00B0B3AB /* SplashScreenView.swift in Sources */ = {isa = PBXBuildFile; fileRef = 30BA0A7D29A9259F00B0B3AB /* SplashScreenView.swift */; };
		30BA0A8429A9272700B0B3AB /* MetalMania-Regular.ttf in Resources */ = {isa = PBXBuildFile; fileRef = 30BA0A8329A9272700B0B3AB /* MetalMania-Regular.ttf */; };
		30BA0A8929A9640600B0B3AB /* HistoryView.swift in Sources */ = {isa = PBXBuildFile; fileRef = 30BA0A8829A9640600B0B3AB /* HistoryView.swift */; };
		30BA0A8D29A9644400B0B3AB /* SettingsView.swift in Sources */ = {isa = PBXBuildFile; fileRef = 30BA0A8C29A9644400B0B3AB /* SettingsView.swift */; };
		30C0C1EB29C625F60014C46D /* mouseclick.wav in Resources */ = {isa = PBXBuildFile; fileRef = 30C0C1EA29C625F60014C46D /* mouseclick.wav */; };
		30C0C1ED29C62ADE0014C46D /* LoadingView.swift in Sources */ = {isa = PBXBuildFile; fileRef = 30C0C1EC29C62ADE0014C46D /* LoadingView.swift */; };
		30C59FD029D2194600C9DE3C /* CycleCompleteView.swift in Sources */ = {isa = PBXBuildFile; fileRef = 30C59FCF29D2194600C9DE3C /* CycleCompleteView.swift */; };
		30C59FD629D30E1000C9DE3C /* WidgetKit.framework in Frameworks */ = {isa = PBXBuildFile; fileRef = 30C5D9AC29CA44AF00133663 /* WidgetKit.framework */; };
		30C59FD729D30E1000C9DE3C /* SwiftUI.framework in Frameworks */ = {isa = PBXBuildFile; fileRef = 30C5D9AE29CA44AF00133663 /* SwiftUI.framework */; };
		30C59FDA29D30E1000C9DE3C /* LockScreenWidgetBundle.swift in Sources */ = {isa = PBXBuildFile; fileRef = 30C59FD929D30E1000C9DE3C /* LockScreenWidgetBundle.swift */; };
		30C59FDC29D30E1000C9DE3C /* LockScreenWidget.swift in Sources */ = {isa = PBXBuildFile; fileRef = 30C59FDB29D30E1000C9DE3C /* LockScreenWidget.swift */; };
		30C59FDE29D30E1200C9DE3C /* Assets.xcassets in Resources */ = {isa = PBXBuildFile; fileRef = 30C59FDD29D30E1200C9DE3C /* Assets.xcassets */; };
		30C59FE229D30E1200C9DE3C /* LockScreenWidgetExtension.appex in Embed Foundation Extensions */ = {isa = PBXBuildFile; fileRef = 30C59FD529D30E1000C9DE3C /* LockScreenWidgetExtension.appex */; settings = {ATTRIBUTES = (RemoveHeadersOnCopy, ); }; };
		30C5D9AD29CA44AF00133663 /* WidgetKit.framework in Frameworks */ = {isa = PBXBuildFile; fileRef = 30C5D9AC29CA44AF00133663 /* WidgetKit.framework */; };
		30C5D9AF29CA44AF00133663 /* SwiftUI.framework in Frameworks */ = {isa = PBXBuildFile; fileRef = 30C5D9AE29CA44AF00133663 /* SwiftUI.framework */; };
		30C5D9B229CA44AF00133663 /* LevelWidgetBundle.swift in Sources */ = {isa = PBXBuildFile; fileRef = 30C5D9B129CA44AF00133663 /* LevelWidgetBundle.swift */; };
		30C5D9B429CA44AF00133663 /* LevelWidget.swift in Sources */ = {isa = PBXBuildFile; fileRef = 30C5D9B329CA44AF00133663 /* LevelWidget.swift */; };
		30C5D9B629CA44B000133663 /* Assets.xcassets in Resources */ = {isa = PBXBuildFile; fileRef = 30C5D9B529CA44B000133663 /* Assets.xcassets */; };
		30C5D9BA29CA44B000133663 /* LevelWidgetExtension.appex in Embed Foundation Extensions */ = {isa = PBXBuildFile; fileRef = 30C5D9AB29CA44AF00133663 /* LevelWidgetExtension.appex */; settings = {ATTRIBUTES = (RemoveHeadersOnCopy, ); }; };
		30C5D9C029CA729600133663 /* Colors_Widget.swift in Sources */ = {isa = PBXBuildFile; fileRef = 30C5D9BF29CA729600133663 /* Colors_Widget.swift */; };
		30DAABC729EB5C7300257850 /* MailView.swift in Sources */ = {isa = PBXBuildFile; fileRef = 30DAABC629EB5C7300257850 /* MailView.swift */; };
		3436E7E3CF030769C1E079DE /* Pods_Monk_Mode.framework in Frameworks */ = {isa = PBXBuildFile; fileRef = 8455F5B78D2468D29B116DAF /* Pods_Monk_Mode.framework */; };
		5A3219B522F8D2D6F642F85D /* Pods_Monk_Mode_Monk_ModeUITests.framework in Frameworks */ = {isa = PBXBuildFile; fileRef = C366AB1D06DDC058A2601673 /* Pods_Monk_Mode_Monk_ModeUITests.framework */; };
		6B36BF60A0DF3F3B085432E3 /* Pods_Monk_ModeTests.framework in Frameworks */ = {isa = PBXBuildFile; fileRef = 9E11A543F59C5D159D6187F6 /* Pods_Monk_ModeTests.framework */; };
/* End PBXBuildFile section */

/* Begin PBXContainerItemProxy section */
		3076830129CB2F7600DF3B94 /* PBXContainerItemProxy */ = {
			isa = PBXContainerItemProxy;
			containerPortal = 30BA0A4229A924FA00B0B3AB /* Project object */;
			proxyType = 1;
			remoteGlobalIDString = 307682F529CB2F7400DF3B94;
			remoteInfo = HabitsWidgetExtension;
		};
		30BA0A5B29A924FC00B0B3AB /* PBXContainerItemProxy */ = {
			isa = PBXContainerItemProxy;
			containerPortal = 30BA0A4229A924FA00B0B3AB /* Project object */;
			proxyType = 1;
			remoteGlobalIDString = 30BA0A4929A924FA00B0B3AB;
			remoteInfo = "Monk Mode";
		};
		30BA0A6529A924FC00B0B3AB /* PBXContainerItemProxy */ = {
			isa = PBXContainerItemProxy;
			containerPortal = 30BA0A4229A924FA00B0B3AB /* Project object */;
			proxyType = 1;
			remoteGlobalIDString = 30BA0A4929A924FA00B0B3AB;
			remoteInfo = "Monk Mode";
		};
		30C59FE029D30E1200C9DE3C /* PBXContainerItemProxy */ = {
			isa = PBXContainerItemProxy;
			containerPortal = 30BA0A4229A924FA00B0B3AB /* Project object */;
			proxyType = 1;
			remoteGlobalIDString = 30C59FD429D30E1000C9DE3C;
			remoteInfo = LockScreenWidgetExtension;
		};
		30C5D9B829CA44B000133663 /* PBXContainerItemProxy */ = {
			isa = PBXContainerItemProxy;
			containerPortal = 30BA0A4229A924FA00B0B3AB /* Project object */;
			proxyType = 1;
			remoteGlobalIDString = 30C5D9AA29CA44AF00133663;
			remoteInfo = LevelWidgetExtension;
		};
/* End PBXContainerItemProxy section */

/* Begin PBXCopyFilesBuildPhase section */
		30C5D9BB29CA44B000133663 /* Embed Foundation Extensions */ = {
			isa = PBXCopyFilesBuildPhase;
			buildActionMask = 2147483647;
			dstPath = "";
			dstSubfolderSpec = 13;
			files = (
				30C59FE229D30E1200C9DE3C /* LockScreenWidgetExtension.appex in Embed Foundation Extensions */,
				30C5D9BA29CA44B000133663 /* LevelWidgetExtension.appex in Embed Foundation Extensions */,
				3076830329CB2F7600DF3B94 /* HabitsWidgetExtension.appex in Embed Foundation Extensions */,
			);
			name = "Embed Foundation Extensions";
			runOnlyForDeploymentPostprocessing = 0;
		};
/* End PBXCopyFilesBuildPhase section */

/* Begin PBXFileReference section */
		003EDA03E539778B6F3FDB3B /* Pods_Monk_Mode_HabitsWidgetExtension.framework */ = {isa = PBXFileReference; explicitFileType = wrapper.framework; includeInIndex = 0; path = Pods_Monk_Mode_HabitsWidgetExtension.framework; sourceTree = BUILT_PRODUCTS_DIR; };
		02DDE48E9BFEC7552E594022 /* Pods-Monk Mode-HabitsWidgetExtension.release.xcconfig */ = {isa = PBXFileReference; includeInIndex = 1; lastKnownFileType = text.xcconfig; name = "Pods-Monk Mode-HabitsWidgetExtension.release.xcconfig"; path = "Target Support Files/Pods-Monk Mode-HabitsWidgetExtension/Pods-Monk Mode-HabitsWidgetExtension.release.xcconfig"; sourceTree = "<group>"; };
		1EB10962026CD8D6DCA9DBE8 /* Pods-Monk Mode.debug.xcconfig */ = {isa = PBXFileReference; includeInIndex = 1; lastKnownFileType = text.xcconfig; name = "Pods-Monk Mode.debug.xcconfig"; path = "Target Support Files/Pods-Monk Mode/Pods-Monk Mode.debug.xcconfig"; sourceTree = "<group>"; };
		300F2E6929C1AA5100F3E5B3 /* RulesView.swift */ = {isa = PBXFileReference; lastKnownFileType = sourcecode.swift; path = RulesView.swift; sourceTree = "<group>"; };
		30106F0029CF79BB0022392D /* Lore.swift */ = {isa = PBXFileReference; lastKnownFileType = sourcecode.swift; path = Lore.swift; sourceTree = "<group>"; };
		301363D429D45743001B33CD /* Staatliches-Regular.ttf */ = {isa = PBXFileReference; lastKnownFileType = file; path = "Staatliches-Regular.ttf"; sourceTree = "<group>"; };
		301363DB29D4E364001B33CD /* LockScreenWidgetExtension.entitlements */ = {isa = PBXFileReference; lastKnownFileType = text.plist.entitlements; path = LockScreenWidgetExtension.entitlements; sourceTree = "<group>"; };
		3031D15529C88A5A0097A437 /* levelup.gif */ = {isa = PBXFileReference; lastKnownFileType = image.gif; path = levelup.gif; sourceTree = "<group>"; };
		30365FC629CC9AAE0094F3D5 /* FirebaseFirestore.framework */ = {isa = PBXFileReference; explicitFileType = wrapper.framework; path = FirebaseFirestore.framework; sourceTree = BUILT_PRODUCTS_DIR; };
		3054F9C529B947D100603EDC /* ColorsByLevel.swift */ = {isa = PBXFileReference; lastKnownFileType = sourcecode.swift; path = ColorsByLevel.swift; sourceTree = "<group>"; };
		3054F9C729B99BA200603EDC /* ProgressBar.swift */ = {isa = PBXFileReference; lastKnownFileType = sourcecode.swift; path = ProgressBar.swift; sourceTree = "<group>"; };
		305858ED29F6262100E867F3 /* levelup_eff1.wav */ = {isa = PBXFileReference; lastKnownFileType = audio.wav; path = levelup_eff1.wav; sourceTree = "<group>"; };
		307682F129CB1C2000DF3B94 /* LevelWidgetExtension.entitlements */ = {isa = PBXFileReference; lastKnownFileType = text.plist.entitlements; path = LevelWidgetExtension.entitlements; sourceTree = "<group>"; };
		307682F629CB2F7400DF3B94 /* HabitsWidgetExtension.appex */ = {isa = PBXFileReference; explicitFileType = "wrapper.app-extension"; includeInIndex = 0; path = HabitsWidgetExtension.appex; sourceTree = BUILT_PRODUCTS_DIR; };
		307682FA29CB2F7500DF3B94 /* HabitsWidgetBundle.swift */ = {isa = PBXFileReference; lastKnownFileType = sourcecode.swift; path = HabitsWidgetBundle.swift; sourceTree = "<group>"; };
		307682FC29CB2F7500DF3B94 /* HabitsWidget.swift */ = {isa = PBXFileReference; lastKnownFileType = sourcecode.swift; path = HabitsWidget.swift; sourceTree = "<group>"; };
		307682FE29CB2F7600DF3B94 /* Assets.xcassets */ = {isa = PBXFileReference; lastKnownFileType = folder.assetcatalog; path = Assets.xcassets; sourceTree = "<group>"; };
		3076830029CB2F7600DF3B94 /* Info.plist */ = {isa = PBXFileReference; lastKnownFileType = text.plist.xml; path = Info.plist; sourceTree = "<group>"; };
		3076830729CB4A0000DF3B94 /* HabitsWidgetExtension.entitlements */ = {isa = PBXFileReference; lastKnownFileType = text.plist.entitlements; path = HabitsWidgetExtension.entitlements; sourceTree = "<group>"; };
		3076830829CB4B8600DF3B94 /* ActiveHabits.swift */ = {isa = PBXFileReference; lastKnownFileType = sourcecode.swift; path = ActiveHabits.swift; sourceTree = "<group>"; };
		3076830A29CC234E00DF3B94 /* FirebaseAuth.framework */ = {isa = PBXFileReference; explicitFileType = wrapper.framework; path = FirebaseAuth.framework; sourceTree = BUILT_PRODUCTS_DIR; };
		3076830E29CC235300DF3B94 /* FirebaseFirestore.framework */ = {isa = PBXFileReference; explicitFileType = wrapper.framework; path = FirebaseFirestore.framework; sourceTree = BUILT_PRODUCTS_DIR; };
		3076831129CC23BA00DF3B94 /* FirebaseFirestore.framework */ = {isa = PBXFileReference; explicitFileType = wrapper.framework; path = FirebaseFirestore.framework; sourceTree = BUILT_PRODUCTS_DIR; };
		3076831429CC23C200DF3B94 /* FirebaseCore.framework */ = {isa = PBXFileReference; explicitFileType = wrapper.framework; path = FirebaseCore.framework; sourceTree = BUILT_PRODUCTS_DIR; };
		308F175529B00316008DB163 /* CustomCalendar.swift */ = {isa = PBXFileReference; lastKnownFileType = sourcecode.swift; path = CustomCalendar.swift; sourceTree = "<group>"; };
		30A53ACA29B6937D008EE90D /* ChooseTimeView.swift */ = {isa = PBXFileReference; lastKnownFileType = sourcecode.swift; path = ChooseTimeView.swift; sourceTree = "<group>"; };
		30A53ACC29B6C012008EE90D /* StoreKit.framework */ = {isa = PBXFileReference; lastKnownFileType = wrapper.framework; name = StoreKit.framework; path = System/Library/Frameworks/StoreKit.framework; sourceTree = SDKROOT; };
		30A53AD129B6C403008EE90D /* StorekitManager.swift */ = {isa = PBXFileReference; lastKnownFileType = sourcecode.swift; path = StorekitManager.swift; sourceTree = "<group>"; };
		30A53AD529B6C4A7008EE90D /* StorePage.swift */ = {isa = PBXFileReference; lastKnownFileType = sourcecode.swift; path = StorePage.swift; sourceTree = "<group>"; };
		30B23EC629FCE42300B0E414 /* GoogleService-Info.plist */ = {isa = PBXFileReference; fileEncoding = 4; lastKnownFileType = text.plist.xml; path = "GoogleService-Info.plist"; sourceTree = "<group>"; };
		30BA0A4A29A924FA00B0B3AB /* Monk Mode.app */ = {isa = PBXFileReference; explicitFileType = wrapper.application; includeInIndex = 0; path = "Monk Mode.app"; sourceTree = BUILT_PRODUCTS_DIR; };
		30BA0A4D29A924FA00B0B3AB /* Monk_ModeApp.swift */ = {isa = PBXFileReference; lastKnownFileType = sourcecode.swift; path = Monk_ModeApp.swift; sourceTree = "<group>"; };
		30BA0A5129A924FC00B0B3AB /* Assets.xcassets */ = {isa = PBXFileReference; lastKnownFileType = folder.assetcatalog; path = Assets.xcassets; sourceTree = "<group>"; };
		30BA0A5429A924FC00B0B3AB /* Preview Assets.xcassets */ = {isa = PBXFileReference; lastKnownFileType = folder.assetcatalog; path = "Preview Assets.xcassets"; sourceTree = "<group>"; };
		30BA0A5A29A924FC00B0B3AB /* Monk ModeTests.xctest */ = {isa = PBXFileReference; explicitFileType = wrapper.cfbundle; includeInIndex = 0; path = "Monk ModeTests.xctest"; sourceTree = BUILT_PRODUCTS_DIR; };
		30BA0A5E29A924FC00B0B3AB /* Monk_ModeTests.swift */ = {isa = PBXFileReference; lastKnownFileType = sourcecode.swift; path = Monk_ModeTests.swift; sourceTree = "<group>"; };
		30BA0A6429A924FC00B0B3AB /* Monk ModeUITests.xctest */ = {isa = PBXFileReference; explicitFileType = wrapper.cfbundle; includeInIndex = 0; path = "Monk ModeUITests.xctest"; sourceTree = BUILT_PRODUCTS_DIR; };
		30BA0A6829A924FC00B0B3AB /* Monk_ModeUITests.swift */ = {isa = PBXFileReference; lastKnownFileType = sourcecode.swift; path = Monk_ModeUITests.swift; sourceTree = "<group>"; };
		30BA0A6A29A924FC00B0B3AB /* Monk_ModeUITestsLaunchTests.swift */ = {isa = PBXFileReference; lastKnownFileType = sourcecode.swift; path = Monk_ModeUITestsLaunchTests.swift; sourceTree = "<group>"; };
		30BA0A7929A9259F00B0B3AB /* ChooseHabitsView.swift */ = {isa = PBXFileReference; fileEncoding = 4; lastKnownFileType = sourcecode.swift; path = ChooseHabitsView.swift; sourceTree = "<group>"; };
		30BA0A7A29A9259F00B0B3AB /* OnboardingView.swift */ = {isa = PBXFileReference; fileEncoding = 4; lastKnownFileType = sourcecode.swift; path = OnboardingView.swift; sourceTree = "<group>"; };
		30BA0A7B29A9259F00B0B3AB /* SpecifyhabitsView.swift */ = {isa = PBXFileReference; fileEncoding = 4; lastKnownFileType = sourcecode.swift; path = SpecifyhabitsView.swift; sourceTree = "<group>"; };
		30BA0A7C29A9259F00B0B3AB /* MainContentView.swift */ = {isa = PBXFileReference; fileEncoding = 4; lastKnownFileType = sourcecode.swift; path = MainContentView.swift; sourceTree = "<group>"; };
		30BA0A7D29A9259F00B0B3AB /* SplashScreenView.swift */ = {isa = PBXFileReference; fileEncoding = 4; lastKnownFileType = sourcecode.swift; path = SplashScreenView.swift; sourceTree = "<group>"; };
		30BA0A8329A9272700B0B3AB /* MetalMania-Regular.ttf */ = {isa = PBXFileReference; lastKnownFileType = file; path = "MetalMania-Regular.ttf"; sourceTree = "<group>"; };
		30BA0A8529A9274700B0B3AB /* Monk-Mode-Info.plist */ = {isa = PBXFileReference; lastKnownFileType = text.plist; path = "Monk-Mode-Info.plist"; sourceTree = SOURCE_ROOT; };
		30BA0A8829A9640600B0B3AB /* HistoryView.swift */ = {isa = PBXFileReference; lastKnownFileType = sourcecode.swift; path = HistoryView.swift; sourceTree = "<group>"; };
		30BA0A8C29A9644400B0B3AB /* SettingsView.swift */ = {isa = PBXFileReference; lastKnownFileType = sourcecode.swift; path = SettingsView.swift; sourceTree = "<group>"; };
		30C0C1EA29C625F60014C46D /* mouseclick.wav */ = {isa = PBXFileReference; lastKnownFileType = audio.wav; path = mouseclick.wav; sourceTree = "<group>"; };
		30C0C1EC29C62ADE0014C46D /* LoadingView.swift */ = {isa = PBXFileReference; lastKnownFileType = sourcecode.swift; path = LoadingView.swift; sourceTree = "<group>"; };
		30C59FCF29D2194600C9DE3C /* CycleCompleteView.swift */ = {isa = PBXFileReference; lastKnownFileType = sourcecode.swift; path = CycleCompleteView.swift; sourceTree = "<group>"; };
		30C59FD529D30E1000C9DE3C /* LockScreenWidgetExtension.appex */ = {isa = PBXFileReference; explicitFileType = "wrapper.app-extension"; includeInIndex = 0; path = LockScreenWidgetExtension.appex; sourceTree = BUILT_PRODUCTS_DIR; };
		30C59FD929D30E1000C9DE3C /* LockScreenWidgetBundle.swift */ = {isa = PBXFileReference; lastKnownFileType = sourcecode.swift; path = LockScreenWidgetBundle.swift; sourceTree = "<group>"; };
		30C59FDB29D30E1000C9DE3C /* LockScreenWidget.swift */ = {isa = PBXFileReference; lastKnownFileType = sourcecode.swift; path = LockScreenWidget.swift; sourceTree = "<group>"; };
		30C59FDD29D30E1200C9DE3C /* Assets.xcassets */ = {isa = PBXFileReference; lastKnownFileType = folder.assetcatalog; path = Assets.xcassets; sourceTree = "<group>"; };
		30C59FDF29D30E1200C9DE3C /* Info.plist */ = {isa = PBXFileReference; lastKnownFileType = text.plist.xml; path = Info.plist; sourceTree = "<group>"; };
		30C5D9AB29CA44AF00133663 /* LevelWidgetExtension.appex */ = {isa = PBXFileReference; explicitFileType = "wrapper.app-extension"; includeInIndex = 0; path = LevelWidgetExtension.appex; sourceTree = BUILT_PRODUCTS_DIR; };
		30C5D9AC29CA44AF00133663 /* WidgetKit.framework */ = {isa = PBXFileReference; lastKnownFileType = wrapper.framework; name = WidgetKit.framework; path = System/Library/Frameworks/WidgetKit.framework; sourceTree = SDKROOT; };
		30C5D9AE29CA44AF00133663 /* SwiftUI.framework */ = {isa = PBXFileReference; lastKnownFileType = wrapper.framework; name = SwiftUI.framework; path = System/Library/Frameworks/SwiftUI.framework; sourceTree = SDKROOT; };
		30C5D9B129CA44AF00133663 /* LevelWidgetBundle.swift */ = {isa = PBXFileReference; lastKnownFileType = sourcecode.swift; path = LevelWidgetBundle.swift; sourceTree = "<group>"; };
		30C5D9B329CA44AF00133663 /* LevelWidget.swift */ = {isa = PBXFileReference; lastKnownFileType = sourcecode.swift; path = LevelWidget.swift; sourceTree = "<group>"; };
		30C5D9B529CA44B000133663 /* Assets.xcassets */ = {isa = PBXFileReference; lastKnownFileType = folder.assetcatalog; path = Assets.xcassets; sourceTree = "<group>"; };
		30C5D9B729CA44B000133663 /* Info.plist */ = {isa = PBXFileReference; lastKnownFileType = text.plist.xml; path = Info.plist; sourceTree = "<group>"; };
		30C5D9BF29CA729600133663 /* Colors_Widget.swift */ = {isa = PBXFileReference; lastKnownFileType = sourcecode.swift; path = Colors_Widget.swift; sourceTree = "<group>"; };
		30C5D9C129CA739A00133663 /* Monk Mode.entitlements */ = {isa = PBXFileReference; lastKnownFileType = text.plist.entitlements; path = "Monk Mode.entitlements"; sourceTree = "<group>"; };
		30DAABC629EB5C7300257850 /* MailView.swift */ = {isa = PBXFileReference; lastKnownFileType = sourcecode.swift; path = MailView.swift; sourceTree = "<group>"; };
		340428C4E9927FA0BFF07417 /* Pods-Monk ModeTests.release.xcconfig */ = {isa = PBXFileReference; includeInIndex = 1; lastKnownFileType = text.xcconfig; name = "Pods-Monk ModeTests.release.xcconfig"; path = "Target Support Files/Pods-Monk ModeTests/Pods-Monk ModeTests.release.xcconfig"; sourceTree = "<group>"; };
		6BF52FBA1C1EF1CAA46FE6CE /* Pods-Monk Mode-HabitsWidgetExtension.debug.xcconfig */ = {isa = PBXFileReference; includeInIndex = 1; lastKnownFileType = text.xcconfig; name = "Pods-Monk Mode-HabitsWidgetExtension.debug.xcconfig"; path = "Target Support Files/Pods-Monk Mode-HabitsWidgetExtension/Pods-Monk Mode-HabitsWidgetExtension.debug.xcconfig"; sourceTree = "<group>"; };
		7D8CDAC183A9EC77082766D7 /* Pods-Monk Mode.release.xcconfig */ = {isa = PBXFileReference; includeInIndex = 1; lastKnownFileType = text.xcconfig; name = "Pods-Monk Mode.release.xcconfig"; path = "Target Support Files/Pods-Monk Mode/Pods-Monk Mode.release.xcconfig"; sourceTree = "<group>"; };
		8455F5B78D2468D29B116DAF /* Pods_Monk_Mode.framework */ = {isa = PBXFileReference; explicitFileType = wrapper.framework; includeInIndex = 0; path = Pods_Monk_Mode.framework; sourceTree = BUILT_PRODUCTS_DIR; };
		9E11A543F59C5D159D6187F6 /* Pods_Monk_ModeTests.framework */ = {isa = PBXFileReference; explicitFileType = wrapper.framework; includeInIndex = 0; path = Pods_Monk_ModeTests.framework; sourceTree = BUILT_PRODUCTS_DIR; };
		B3D3F8E403667F9B93622A11 /* Pods-Monk Mode-Monk ModeUITests.release.xcconfig */ = {isa = PBXFileReference; includeInIndex = 1; lastKnownFileType = text.xcconfig; name = "Pods-Monk Mode-Monk ModeUITests.release.xcconfig"; path = "Target Support Files/Pods-Monk Mode-Monk ModeUITests/Pods-Monk Mode-Monk ModeUITests.release.xcconfig"; sourceTree = "<group>"; };
		C366AB1D06DDC058A2601673 /* Pods_Monk_Mode_Monk_ModeUITests.framework */ = {isa = PBXFileReference; explicitFileType = wrapper.framework; includeInIndex = 0; path = Pods_Monk_Mode_Monk_ModeUITests.framework; sourceTree = BUILT_PRODUCTS_DIR; };
		CCAB5162D6548743DB477E44 /* Pods-Monk Mode-Monk ModeUITests.debug.xcconfig */ = {isa = PBXFileReference; includeInIndex = 1; lastKnownFileType = text.xcconfig; name = "Pods-Monk Mode-Monk ModeUITests.debug.xcconfig"; path = "Target Support Files/Pods-Monk Mode-Monk ModeUITests/Pods-Monk Mode-Monk ModeUITests.debug.xcconfig"; sourceTree = "<group>"; };
		F1FCD8A1100A97B100A85028 /* Pods-Monk ModeTests.debug.xcconfig */ = {isa = PBXFileReference; includeInIndex = 1; lastKnownFileType = text.xcconfig; name = "Pods-Monk ModeTests.debug.xcconfig"; path = "Target Support Files/Pods-Monk ModeTests/Pods-Monk ModeTests.debug.xcconfig"; sourceTree = "<group>"; };
/* End PBXFileReference section */

/* Begin PBXFrameworksBuildPhase section */
		307682F329CB2F7400DF3B94 /* Frameworks */ = {
			isa = PBXFrameworksBuildPhase;
			buildActionMask = 2147483647;
			files = (
				307682F829CB2F7400DF3B94 /* SwiftUI.framework in Frameworks */,
				307682F729CB2F7400DF3B94 /* WidgetKit.framework in Frameworks */,
				25200B3BFD4EE6F31018690E /* Pods_Monk_Mode_HabitsWidgetExtension.framework in Frameworks */,
			);
			runOnlyForDeploymentPostprocessing = 0;
		};
		30BA0A4729A924FA00B0B3AB /* Frameworks */ = {
			isa = PBXFrameworksBuildPhase;
			buildActionMask = 2147483647;
			files = (
				3436E7E3CF030769C1E079DE /* Pods_Monk_Mode.framework in Frameworks */,
				30A53ACD29B6C012008EE90D /* StoreKit.framework in Frameworks */,
			);
			runOnlyForDeploymentPostprocessing = 0;
		};
		30BA0A5729A924FC00B0B3AB /* Frameworks */ = {
			isa = PBXFrameworksBuildPhase;
			buildActionMask = 2147483647;
			files = (
				6B36BF60A0DF3F3B085432E3 /* Pods_Monk_ModeTests.framework in Frameworks */,
			);
			runOnlyForDeploymentPostprocessing = 0;
		};
		30BA0A6129A924FC00B0B3AB /* Frameworks */ = {
			isa = PBXFrameworksBuildPhase;
			buildActionMask = 2147483647;
			files = (
				5A3219B522F8D2D6F642F85D /* Pods_Monk_Mode_Monk_ModeUITests.framework in Frameworks */,
			);
			runOnlyForDeploymentPostprocessing = 0;
		};
		30C59FD229D30E1000C9DE3C /* Frameworks */ = {
			isa = PBXFrameworksBuildPhase;
			buildActionMask = 2147483647;
			files = (
				30C59FD729D30E1000C9DE3C /* SwiftUI.framework in Frameworks */,
				30C59FD629D30E1000C9DE3C /* WidgetKit.framework in Frameworks */,
			);
			runOnlyForDeploymentPostprocessing = 0;
		};
		30C5D9A829CA44AF00133663 /* Frameworks */ = {
			isa = PBXFrameworksBuildPhase;
			buildActionMask = 2147483647;
			files = (
				30C5D9AF29CA44AF00133663 /* SwiftUI.framework in Frameworks */,
				30C5D9AD29CA44AF00133663 /* WidgetKit.framework in Frameworks */,
			);
			runOnlyForDeploymentPostprocessing = 0;
		};
/* End PBXFrameworksBuildPhase section */

/* Begin PBXGroup section */
		1C92583831AC4CA87C81C25E /* Frameworks */ = {
			isa = PBXGroup;
			children = (
				30365FC629CC9AAE0094F3D5 /* FirebaseFirestore.framework */,
				3076831429CC23C200DF3B94 /* FirebaseCore.framework */,
				3076831129CC23BA00DF3B94 /* FirebaseFirestore.framework */,
				3076830E29CC235300DF3B94 /* FirebaseFirestore.framework */,
				3076830A29CC234E00DF3B94 /* FirebaseAuth.framework */,
				30A53ACC29B6C012008EE90D /* StoreKit.framework */,
				8455F5B78D2468D29B116DAF /* Pods_Monk_Mode.framework */,
				C366AB1D06DDC058A2601673 /* Pods_Monk_Mode_Monk_ModeUITests.framework */,
				9E11A543F59C5D159D6187F6 /* Pods_Monk_ModeTests.framework */,
				30C5D9AC29CA44AF00133663 /* WidgetKit.framework */,
				30C5D9AE29CA44AF00133663 /* SwiftUI.framework */,
				003EDA03E539778B6F3FDB3B /* Pods_Monk_Mode_HabitsWidgetExtension.framework */,
			);
			name = Frameworks;
			sourceTree = "<group>";
		};
		307682F929CB2F7500DF3B94 /* HabitsWidget */ = {
			isa = PBXGroup;
			children = (
				307682FA29CB2F7500DF3B94 /* HabitsWidgetBundle.swift */,
				307682FC29CB2F7500DF3B94 /* HabitsWidget.swift */,
				3076830829CB4B8600DF3B94 /* ActiveHabits.swift */,
				307682FE29CB2F7600DF3B94 /* Assets.xcassets */,
				3076830029CB2F7600DF3B94 /* Info.plist */,
			);
			path = HabitsWidget;
			sourceTree = "<group>";
		};
		30BA0A4129A924FA00B0B3AB = {
			isa = PBXGroup;
			children = (
				301363DB29D4E364001B33CD /* LockScreenWidgetExtension.entitlements */,
				3076830729CB4A0000DF3B94 /* HabitsWidgetExtension.entitlements */,
				307682F129CB1C2000DF3B94 /* LevelWidgetExtension.entitlements */,
				30BA0A4C29A924FA00B0B3AB /* Monk Mode */,
				30BA0A5D29A924FC00B0B3AB /* Monk ModeTests */,
				30BA0A6729A924FC00B0B3AB /* Monk ModeUITests */,
				30C5D9B029CA44AF00133663 /* LevelWidget */,
				307682F929CB2F7500DF3B94 /* HabitsWidget */,
				30C59FD829D30E1000C9DE3C /* LockScreenWidget */,
				30BA0A4B29A924FA00B0B3AB /* Products */,
				D0AF55D78FC6C6C971873C0C /* Pods */,
				1C92583831AC4CA87C81C25E /* Frameworks */,
			);
			sourceTree = "<group>";
		};
		30BA0A4B29A924FA00B0B3AB /* Products */ = {
			isa = PBXGroup;
			children = (
				30BA0A4A29A924FA00B0B3AB /* Monk Mode.app */,
				30BA0A5A29A924FC00B0B3AB /* Monk ModeTests.xctest */,
				30BA0A6429A924FC00B0B3AB /* Monk ModeUITests.xctest */,
				30C5D9AB29CA44AF00133663 /* LevelWidgetExtension.appex */,
				307682F629CB2F7400DF3B94 /* HabitsWidgetExtension.appex */,
				30C59FD529D30E1000C9DE3C /* LockScreenWidgetExtension.appex */,
			);
			name = Products;
			sourceTree = "<group>";
		};
		30BA0A4C29A924FA00B0B3AB /* Monk Mode */ = {
			isa = PBXGroup;
			children = (
				30C5D9C129CA739A00133663 /* Monk Mode.entitlements */,
				30BA0A8529A9274700B0B3AB /* Monk-Mode-Info.plist */,
				3054F9C729B99BA200603EDC /* ProgressBar.swift */,
				30BA0A7929A9259F00B0B3AB /* ChooseHabitsView.swift */,
				30BA0A7A29A9259F00B0B3AB /* OnboardingView.swift */,
				30BA0A7B29A9259F00B0B3AB /* SpecifyhabitsView.swift */,
				30BA0A7C29A9259F00B0B3AB /* MainContentView.swift */,
				30BA0A7D29A9259F00B0B3AB /* SplashScreenView.swift */,
				30BA0A4D29A924FA00B0B3AB /* Monk_ModeApp.swift */,
				30BA0A8829A9640600B0B3AB /* HistoryView.swift */,
				30BA0A8C29A9644400B0B3AB /* SettingsView.swift */,
				308F175529B00316008DB163 /* CustomCalendar.swift */,
				30A53ACA29B6937D008EE90D /* ChooseTimeView.swift */,
				30A53AD129B6C403008EE90D /* StorekitManager.swift */,
				30A53AD529B6C4A7008EE90D /* StorePage.swift */,
				3054F9C529B947D100603EDC /* ColorsByLevel.swift */,
				300F2E6929C1AA5100F3E5B3 /* RulesView.swift */,
				30C0C1EC29C62ADE0014C46D /* LoadingView.swift */,
				30106F0029CF79BB0022392D /* Lore.swift */,
				30C59FCF29D2194600C9DE3C /* CycleCompleteView.swift */,
				30DAABC629EB5C7300257850 /* MailView.swift */,
				301363D429D45743001B33CD /* Staatliches-Regular.ttf */,
				30BA0A8329A9272700B0B3AB /* MetalMania-Regular.ttf */,
				30BA0A5129A924FC00B0B3AB /* Assets.xcassets */,
				30B23EC629FCE42300B0E414 /* GoogleService-Info.plist */,
				305858ED29F6262100E867F3 /* levelup_eff1.wav */,
				30C0C1EA29C625F60014C46D /* mouseclick.wav */,
				3031D15529C88A5A0097A437 /* levelup.gif */,
				30BA0A5329A924FC00B0B3AB /* Preview Content */,
			);
			path = "Monk Mode";
			sourceTree = "<group>";
		};
		30BA0A5329A924FC00B0B3AB /* Preview Content */ = {
			isa = PBXGroup;
			children = (
				30BA0A5429A924FC00B0B3AB /* Preview Assets.xcassets */,
			);
			path = "Preview Content";
			sourceTree = "<group>";
		};
		30BA0A5D29A924FC00B0B3AB /* Monk ModeTests */ = {
			isa = PBXGroup;
			children = (
				30BA0A5E29A924FC00B0B3AB /* Monk_ModeTests.swift */,
			);
			path = "Monk ModeTests";
			sourceTree = "<group>";
		};
		30BA0A6729A924FC00B0B3AB /* Monk ModeUITests */ = {
			isa = PBXGroup;
			children = (
				30BA0A6829A924FC00B0B3AB /* Monk_ModeUITests.swift */,
				30BA0A6A29A924FC00B0B3AB /* Monk_ModeUITestsLaunchTests.swift */,
			);
			path = "Monk ModeUITests";
			sourceTree = "<group>";
		};
		30C59FD829D30E1000C9DE3C /* LockScreenWidget */ = {
			isa = PBXGroup;
			children = (
				30C59FD929D30E1000C9DE3C /* LockScreenWidgetBundle.swift */,
				30C59FDB29D30E1000C9DE3C /* LockScreenWidget.swift */,
				30C59FDD29D30E1200C9DE3C /* Assets.xcassets */,
				30C59FDF29D30E1200C9DE3C /* Info.plist */,
			);
			path = LockScreenWidget;
			sourceTree = "<group>";
		};
		30C5D9B029CA44AF00133663 /* LevelWidget */ = {
			isa = PBXGroup;
			children = (
				30C5D9B129CA44AF00133663 /* LevelWidgetBundle.swift */,
				30C5D9B329CA44AF00133663 /* LevelWidget.swift */,
				30C5D9BF29CA729600133663 /* Colors_Widget.swift */,
				30C5D9B529CA44B000133663 /* Assets.xcassets */,
				30C5D9B729CA44B000133663 /* Info.plist */,
			);
			path = LevelWidget;
			sourceTree = "<group>";
		};
		D0AF55D78FC6C6C971873C0C /* Pods */ = {
			isa = PBXGroup;
			children = (
				1EB10962026CD8D6DCA9DBE8 /* Pods-Monk Mode.debug.xcconfig */,
				7D8CDAC183A9EC77082766D7 /* Pods-Monk Mode.release.xcconfig */,
				CCAB5162D6548743DB477E44 /* Pods-Monk Mode-Monk ModeUITests.debug.xcconfig */,
				B3D3F8E403667F9B93622A11 /* Pods-Monk Mode-Monk ModeUITests.release.xcconfig */,
				F1FCD8A1100A97B100A85028 /* Pods-Monk ModeTests.debug.xcconfig */,
				340428C4E9927FA0BFF07417 /* Pods-Monk ModeTests.release.xcconfig */,
				6BF52FBA1C1EF1CAA46FE6CE /* Pods-Monk Mode-HabitsWidgetExtension.debug.xcconfig */,
				02DDE48E9BFEC7552E594022 /* Pods-Monk Mode-HabitsWidgetExtension.release.xcconfig */,
			);
			path = Pods;
			sourceTree = "<group>";
		};
/* End PBXGroup section */

/* Begin PBXNativeTarget section */
		307682F529CB2F7400DF3B94 /* HabitsWidgetExtension */ = {
			isa = PBXNativeTarget;
			buildConfigurationList = 3076830429CB2F7600DF3B94 /* Build configuration list for PBXNativeTarget "HabitsWidgetExtension" */;
			buildPhases = (
				0276AEE972C8A6351DF73D2F /* [CP] Check Pods Manifest.lock */,
				307682F229CB2F7400DF3B94 /* Sources */,
				307682F329CB2F7400DF3B94 /* Frameworks */,
				307682F429CB2F7400DF3B94 /* Resources */,
			);
			buildRules = (
			);
			dependencies = (
			);
			name = HabitsWidgetExtension;
			productName = HabitsWidgetExtension;
			productReference = 307682F629CB2F7400DF3B94 /* HabitsWidgetExtension.appex */;
			productType = "com.apple.product-type.app-extension";
		};
		30BA0A4929A924FA00B0B3AB /* Monk Mode */ = {
			isa = PBXNativeTarget;
			buildConfigurationList = 30BA0A6E29A924FC00B0B3AB /* Build configuration list for PBXNativeTarget "Monk Mode" */;
			buildPhases = (
				0A259BEC6B459B3EEE156903 /* [CP] Check Pods Manifest.lock */,
				30BA0A4629A924FA00B0B3AB /* Sources */,
				30BA0A4729A924FA00B0B3AB /* Frameworks */,
				30BA0A4829A924FA00B0B3AB /* Resources */,
				761240433C6CA0A42335C2A6 /* [CP] Embed Pods Frameworks */,
				30C5D9BB29CA44B000133663 /* Embed Foundation Extensions */,
			);
			buildRules = (
			);
			dependencies = (
				30C5D9B929CA44B000133663 /* PBXTargetDependency */,
				3076830229CB2F7600DF3B94 /* PBXTargetDependency */,
				30C59FE129D30E1200C9DE3C /* PBXTargetDependency */,
			);
			name = "Monk Mode";
			productName = "Monk Mode";
			productReference = 30BA0A4A29A924FA00B0B3AB /* Monk Mode.app */;
			productType = "com.apple.product-type.application";
		};
		30BA0A5929A924FC00B0B3AB /* Monk ModeTests */ = {
			isa = PBXNativeTarget;
			buildConfigurationList = 30BA0A7129A924FC00B0B3AB /* Build configuration list for PBXNativeTarget "Monk ModeTests" */;
			buildPhases = (
				C412F1333F3DFAF545A98F70 /* [CP] Check Pods Manifest.lock */,
				30BA0A5629A924FC00B0B3AB /* Sources */,
				30BA0A5729A924FC00B0B3AB /* Frameworks */,
				30BA0A5829A924FC00B0B3AB /* Resources */,
			);
			buildRules = (
			);
			dependencies = (
				30BA0A5C29A924FC00B0B3AB /* PBXTargetDependency */,
			);
			name = "Monk ModeTests";
			productName = "Monk ModeTests";
			productReference = 30BA0A5A29A924FC00B0B3AB /* Monk ModeTests.xctest */;
			productType = "com.apple.product-type.bundle.unit-test";
		};
		30BA0A6329A924FC00B0B3AB /* Monk ModeUITests */ = {
			isa = PBXNativeTarget;
			buildConfigurationList = 30BA0A7429A924FC00B0B3AB /* Build configuration list for PBXNativeTarget "Monk ModeUITests" */;
			buildPhases = (
				57C93345D34FDAAC5A1220D0 /* [CP] Check Pods Manifest.lock */,
				30BA0A6029A924FC00B0B3AB /* Sources */,
				30BA0A6129A924FC00B0B3AB /* Frameworks */,
				30BA0A6229A924FC00B0B3AB /* Resources */,
				E0AF0997378498D2096E007A /* [CP] Embed Pods Frameworks */,
			);
			buildRules = (
			);
			dependencies = (
				30BA0A6629A924FC00B0B3AB /* PBXTargetDependency */,
			);
			name = "Monk ModeUITests";
			productName = "Monk ModeUITests";
			productReference = 30BA0A6429A924FC00B0B3AB /* Monk ModeUITests.xctest */;
			productType = "com.apple.product-type.bundle.ui-testing";
		};
		30C59FD429D30E1000C9DE3C /* LockScreenWidgetExtension */ = {
			isa = PBXNativeTarget;
			buildConfigurationList = 30C59FE529D30E1200C9DE3C /* Build configuration list for PBXNativeTarget "LockScreenWidgetExtension" */;
			buildPhases = (
				30C59FD129D30E1000C9DE3C /* Sources */,
				30C59FD229D30E1000C9DE3C /* Frameworks */,
				30C59FD329D30E1000C9DE3C /* Resources */,
			);
			buildRules = (
			);
			dependencies = (
			);
			name = LockScreenWidgetExtension;
			productName = LockScreenWidgetExtension;
			productReference = 30C59FD529D30E1000C9DE3C /* LockScreenWidgetExtension.appex */;
			productType = "com.apple.product-type.app-extension";
		};
		30C5D9AA29CA44AF00133663 /* LevelWidgetExtension */ = {
			isa = PBXNativeTarget;
			buildConfigurationList = 30C5D9BE29CA44B000133663 /* Build configuration list for PBXNativeTarget "LevelWidgetExtension" */;
			buildPhases = (
				30C5D9A729CA44AF00133663 /* Sources */,
				30C5D9A829CA44AF00133663 /* Frameworks */,
				30C5D9A929CA44AF00133663 /* Resources */,
			);
			buildRules = (
			);
			dependencies = (
			);
			name = LevelWidgetExtension;
			productName = LevelWidgetExtension;
			productReference = 30C5D9AB29CA44AF00133663 /* LevelWidgetExtension.appex */;
			productType = "com.apple.product-type.app-extension";
		};
/* End PBXNativeTarget section */

/* Begin PBXProject section */
		30BA0A4229A924FA00B0B3AB /* Project object */ = {
			isa = PBXProject;
			attributes = {
				BuildIndependentTargetsInParallel = 1;
				LastSwiftUpdateCheck = 1420;
				LastUpgradeCheck = 1420;
				TargetAttributes = {
					307682F529CB2F7400DF3B94 = {
						CreatedOnToolsVersion = 14.2;
					};
					30BA0A4929A924FA00B0B3AB = {
						CreatedOnToolsVersion = 14.2;
					};
					30BA0A5929A924FC00B0B3AB = {
						CreatedOnToolsVersion = 14.2;
						TestTargetID = 30BA0A4929A924FA00B0B3AB;
					};
					30BA0A6329A924FC00B0B3AB = {
						CreatedOnToolsVersion = 14.2;
						TestTargetID = 30BA0A4929A924FA00B0B3AB;
					};
					30C59FD429D30E1000C9DE3C = {
						CreatedOnToolsVersion = 14.2;
					};
					30C5D9AA29CA44AF00133663 = {
						CreatedOnToolsVersion = 14.2;
					};
				};
			};
			buildConfigurationList = 30BA0A4529A924FA00B0B3AB /* Build configuration list for PBXProject "Monk Mode" */;
			compatibilityVersion = "Xcode 14.0";
			developmentRegion = en;
			hasScannedForEncodings = 0;
			knownRegions = (
				en,
				Base,
			);
			mainGroup = 30BA0A4129A924FA00B0B3AB;
			packageReferences = (
				30365FCA29CC9B4D0094F3D5 /* XCRemoteSwiftPackageReference "firebase-ios-sdk" */,
			);
			productRefGroup = 30BA0A4B29A924FA00B0B3AB /* Products */;
			projectDirPath = "";
			projectRoot = "";
			targets = (
				30BA0A4929A924FA00B0B3AB /* Monk Mode */,
				30BA0A5929A924FC00B0B3AB /* Monk ModeTests */,
				30BA0A6329A924FC00B0B3AB /* Monk ModeUITests */,
				30C5D9AA29CA44AF00133663 /* LevelWidgetExtension */,
				307682F529CB2F7400DF3B94 /* HabitsWidgetExtension */,
				30C59FD429D30E1000C9DE3C /* LockScreenWidgetExtension */,
			);
		};
/* End PBXProject section */

/* Begin PBXResourcesBuildPhase section */
		307682F429CB2F7400DF3B94 /* Resources */ = {
			isa = PBXResourcesBuildPhase;
			buildActionMask = 2147483647;
			files = (
				30106EFD29CE11710022392D /* MetalMania-Regular.ttf in Resources */,
				307682FF29CB2F7600DF3B94 /* Assets.xcassets in Resources */,
				30B23ECB29FCE42300B0E414 /* GoogleService-Info.plist in Resources */,
				301363DE29D4EEA9001B33CD /* Monk-Mode-Info.plist in Resources */,
				301363DA29D4E12A001B33CD /* Assets.xcassets in Resources */,
			);
			runOnlyForDeploymentPostprocessing = 0;
		};
		30BA0A4829A924FA00B0B3AB /* Resources */ = {
			isa = PBXResourcesBuildPhase;
			buildActionMask = 2147483647;
			files = (
				30BA0A8429A9272700B0B3AB /* MetalMania-Regular.ttf in Resources */,
				30C0C1EB29C625F60014C46D /* mouseclick.wav in Resources */,
				30B23EC729FCE42300B0E414 /* GoogleService-Info.plist in Resources */,
				30BA0A5529A924FC00B0B3AB /* Preview Assets.xcassets in Resources */,
				30BA0A5229A924FC00B0B3AB /* Assets.xcassets in Resources */,
				305858EE29F6262100E867F3 /* levelup_eff1.wav in Resources */,
				3031D15629C88A5A0097A437 /* levelup.gif in Resources */,
				301363D529D45743001B33CD /* Staatliches-Regular.ttf in Resources */,
			);
			runOnlyForDeploymentPostprocessing = 0;
		};
		30BA0A5829A924FC00B0B3AB /* Resources */ = {
			isa = PBXResourcesBuildPhase;
			buildActionMask = 2147483647;
			files = (
				30B23EC829FCE42300B0E414 /* GoogleService-Info.plist in Resources */,
			);
			runOnlyForDeploymentPostprocessing = 0;
		};
		30BA0A6229A924FC00B0B3AB /* Resources */ = {
			isa = PBXResourcesBuildPhase;
			buildActionMask = 2147483647;
			files = (
				30B23EC929FCE42300B0E414 /* GoogleService-Info.plist in Resources */,
			);
			runOnlyForDeploymentPostprocessing = 0;
		};
		30C59FD329D30E1000C9DE3C /* Resources */ = {
			isa = PBXResourcesBuildPhase;
			buildActionMask = 2147483647;
			files = (
				30C59FDE29D30E1200C9DE3C /* Assets.xcassets in Resources */,
				301363D929D4E129001B33CD /* Assets.xcassets in Resources */,
				30B23ECC29FCE42300B0E414 /* GoogleService-Info.plist in Resources */,
			);
			runOnlyForDeploymentPostprocessing = 0;
		};
		30C5D9A929CA44AF00133663 /* Resources */ = {
			isa = PBXResourcesBuildPhase;
			buildActionMask = 2147483647;
			files = (
				30106EFE29CE11750022392D /* MetalMania-Regular.ttf in Resources */,
				30106EFF29CEF7430022392D /* Assets.xcassets in Resources */,
				30B23ECA29FCE42300B0E414 /* GoogleService-Info.plist in Resources */,
				30C5D9B629CA44B000133663 /* Assets.xcassets in Resources */,
				301363DD29D4EEA8001B33CD /* Monk-Mode-Info.plist in Resources */,
			);
			runOnlyForDeploymentPostprocessing = 0;
		};
/* End PBXResourcesBuildPhase section */

/* Begin PBXShellScriptBuildPhase section */
		0276AEE972C8A6351DF73D2F /* [CP] Check Pods Manifest.lock */ = {
			isa = PBXShellScriptBuildPhase;
			buildActionMask = 2147483647;
			files = (
			);
			inputFileListPaths = (
			);
			inputPaths = (
				"${PODS_PODFILE_DIR_PATH}/Podfile.lock",
				"${PODS_ROOT}/Manifest.lock",
			);
			name = "[CP] Check Pods Manifest.lock";
			outputFileListPaths = (
			);
			outputPaths = (
				"$(DERIVED_FILE_DIR)/Pods-Monk Mode-HabitsWidgetExtension-checkManifestLockResult.txt",
			);
			runOnlyForDeploymentPostprocessing = 0;
			shellPath = /bin/sh;
			shellScript = "diff \"${PODS_PODFILE_DIR_PATH}/Podfile.lock\" \"${PODS_ROOT}/Manifest.lock\" > /dev/null\nif [ $? != 0 ] ; then\n    # print error to STDERR\n    echo \"error: The sandbox is not in sync with the Podfile.lock. Run 'pod install' or update your CocoaPods installation.\" >&2\n    exit 1\nfi\n# This output is used by Xcode 'outputs' to avoid re-running this script phase.\necho \"SUCCESS\" > \"${SCRIPT_OUTPUT_FILE_0}\"\n";
			showEnvVarsInLog = 0;
		};
		0A259BEC6B459B3EEE156903 /* [CP] Check Pods Manifest.lock */ = {
			isa = PBXShellScriptBuildPhase;
			buildActionMask = 2147483647;
			files = (
			);
			inputFileListPaths = (
			);
			inputPaths = (
				"${PODS_PODFILE_DIR_PATH}/Podfile.lock",
				"${PODS_ROOT}/Manifest.lock",
			);
			name = "[CP] Check Pods Manifest.lock";
			outputFileListPaths = (
			);
			outputPaths = (
				"$(DERIVED_FILE_DIR)/Pods-Monk Mode-checkManifestLockResult.txt",
			);
			runOnlyForDeploymentPostprocessing = 0;
			shellPath = /bin/sh;
			shellScript = "diff \"${PODS_PODFILE_DIR_PATH}/Podfile.lock\" \"${PODS_ROOT}/Manifest.lock\" > /dev/null\nif [ $? != 0 ] ; then\n    # print error to STDERR\n    echo \"error: The sandbox is not in sync with the Podfile.lock. Run 'pod install' or update your CocoaPods installation.\" >&2\n    exit 1\nfi\n# This output is used by Xcode 'outputs' to avoid re-running this script phase.\necho \"SUCCESS\" > \"${SCRIPT_OUTPUT_FILE_0}\"\n";
			showEnvVarsInLog = 0;
		};
		57C93345D34FDAAC5A1220D0 /* [CP] Check Pods Manifest.lock */ = {
			isa = PBXShellScriptBuildPhase;
			buildActionMask = 2147483647;
			files = (
			);
			inputFileListPaths = (
			);
			inputPaths = (
				"${PODS_PODFILE_DIR_PATH}/Podfile.lock",
				"${PODS_ROOT}/Manifest.lock",
			);
			name = "[CP] Check Pods Manifest.lock";
			outputFileListPaths = (
			);
			outputPaths = (
				"$(DERIVED_FILE_DIR)/Pods-Monk Mode-Monk ModeUITests-checkManifestLockResult.txt",
			);
			runOnlyForDeploymentPostprocessing = 0;
			shellPath = /bin/sh;
			shellScript = "diff \"${PODS_PODFILE_DIR_PATH}/Podfile.lock\" \"${PODS_ROOT}/Manifest.lock\" > /dev/null\nif [ $? != 0 ] ; then\n    # print error to STDERR\n    echo \"error: The sandbox is not in sync with the Podfile.lock. Run 'pod install' or update your CocoaPods installation.\" >&2\n    exit 1\nfi\n# This output is used by Xcode 'outputs' to avoid re-running this script phase.\necho \"SUCCESS\" > \"${SCRIPT_OUTPUT_FILE_0}\"\n";
			showEnvVarsInLog = 0;
		};
		761240433C6CA0A42335C2A6 /* [CP] Embed Pods Frameworks */ = {
			isa = PBXShellScriptBuildPhase;
			buildActionMask = 2147483647;
			files = (
			);
			inputFileListPaths = (
				"${PODS_ROOT}/Target Support Files/Pods-Monk Mode/Pods-Monk Mode-frameworks-${CONFIGURATION}-input-files.xcfilelist",
			);
			name = "[CP] Embed Pods Frameworks";
			outputFileListPaths = (
				"${PODS_ROOT}/Target Support Files/Pods-Monk Mode/Pods-Monk Mode-frameworks-${CONFIGURATION}-output-files.xcfilelist",
			);
			runOnlyForDeploymentPostprocessing = 0;
			shellPath = /bin/sh;
			shellScript = "\"${PODS_ROOT}/Target Support Files/Pods-Monk Mode/Pods-Monk Mode-frameworks.sh\"\n";
			showEnvVarsInLog = 0;
		};
		C412F1333F3DFAF545A98F70 /* [CP] Check Pods Manifest.lock */ = {
			isa = PBXShellScriptBuildPhase;
			buildActionMask = 2147483647;
			files = (
			);
			inputFileListPaths = (
			);
			inputPaths = (
				"${PODS_PODFILE_DIR_PATH}/Podfile.lock",
				"${PODS_ROOT}/Manifest.lock",
			);
			name = "[CP] Check Pods Manifest.lock";
			outputFileListPaths = (
			);
			outputPaths = (
				"$(DERIVED_FILE_DIR)/Pods-Monk ModeTests-checkManifestLockResult.txt",
			);
			runOnlyForDeploymentPostprocessing = 0;
			shellPath = /bin/sh;
			shellScript = "diff \"${PODS_PODFILE_DIR_PATH}/Podfile.lock\" \"${PODS_ROOT}/Manifest.lock\" > /dev/null\nif [ $? != 0 ] ; then\n    # print error to STDERR\n    echo \"error: The sandbox is not in sync with the Podfile.lock. Run 'pod install' or update your CocoaPods installation.\" >&2\n    exit 1\nfi\n# This output is used by Xcode 'outputs' to avoid re-running this script phase.\necho \"SUCCESS\" > \"${SCRIPT_OUTPUT_FILE_0}\"\n";
			showEnvVarsInLog = 0;
		};
		E0AF0997378498D2096E007A /* [CP] Embed Pods Frameworks */ = {
			isa = PBXShellScriptBuildPhase;
			buildActionMask = 2147483647;
			files = (
			);
			inputFileListPaths = (
				"${PODS_ROOT}/Target Support Files/Pods-Monk Mode-Monk ModeUITests/Pods-Monk Mode-Monk ModeUITests-frameworks-${CONFIGURATION}-input-files.xcfilelist",
			);
			name = "[CP] Embed Pods Frameworks";
			outputFileListPaths = (
				"${PODS_ROOT}/Target Support Files/Pods-Monk Mode-Monk ModeUITests/Pods-Monk Mode-Monk ModeUITests-frameworks-${CONFIGURATION}-output-files.xcfilelist",
			);
			runOnlyForDeploymentPostprocessing = 0;
			shellPath = /bin/sh;
			shellScript = "\"${PODS_ROOT}/Target Support Files/Pods-Monk Mode-Monk ModeUITests/Pods-Monk Mode-Monk ModeUITests-frameworks.sh\"\n";
			showEnvVarsInLog = 0;
		};
/* End PBXShellScriptBuildPhase section */

/* Begin PBXSourcesBuildPhase section */
		307682F229CB2F7400DF3B94 /* Sources */ = {
			isa = PBXSourcesBuildPhase;
			buildActionMask = 2147483647;
			files = (
				3076830929CB4B8600DF3B94 /* ActiveHabits.swift in Sources */,
				307682FD29CB2F7500DF3B94 /* HabitsWidget.swift in Sources */,
				307682FB29CB2F7500DF3B94 /* HabitsWidgetBundle.swift in Sources */,
			);
			runOnlyForDeploymentPostprocessing = 0;
		};
		30BA0A4629A924FA00B0B3AB /* Sources */ = {
			isa = PBXSourcesBuildPhase;
			buildActionMask = 2147483647;
			files = (
				300F2E6A29C1AA5100F3E5B3 /* RulesView.swift in Sources */,
				30BA0A8929A9640600B0B3AB /* HistoryView.swift in Sources */,
				30A53AD629B6C4A7008EE90D /* StorePage.swift in Sources */,
				30A53ACB29B6937D008EE90D /* ChooseTimeView.swift in Sources */,
				30DAABC729EB5C7300257850 /* MailView.swift in Sources */,
				30C0C1ED29C62ADE0014C46D /* LoadingView.swift in Sources */,
				3054F9C629B947D100603EDC /* ColorsByLevel.swift in Sources */,
				308F175629B00316008DB163 /* CustomCalendar.swift in Sources */,
				30BA0A8D29A9644400B0B3AB /* SettingsView.swift in Sources */,
				30A53AD229B6C403008EE90D /* StorekitManager.swift in Sources */,
				30C59FD029D2194600C9DE3C /* CycleCompleteView.swift in Sources */,
				30BA0A8229A9259F00B0B3AB /* SplashScreenView.swift in Sources */,
				30BA0A7F29A9259F00B0B3AB /* OnboardingView.swift in Sources */,
				30BA0A4E29A924FA00B0B3AB /* Monk_ModeApp.swift in Sources */,
				30BA0A8029A9259F00B0B3AB /* SpecifyhabitsView.swift in Sources */,
				30BA0A7E29A9259F00B0B3AB /* ChooseHabitsView.swift in Sources */,
				30106F0129CF79BB0022392D /* Lore.swift in Sources */,
				3054F9C829B99BA200603EDC /* ProgressBar.swift in Sources */,
				30BA0A8129A9259F00B0B3AB /* MainContentView.swift in Sources */,
			);
			runOnlyForDeploymentPostprocessing = 0;
		};
		30BA0A5629A924FC00B0B3AB /* Sources */ = {
			isa = PBXSourcesBuildPhase;
			buildActionMask = 2147483647;
			files = (
				30BA0A5F29A924FC00B0B3AB /* Monk_ModeTests.swift in Sources */,
			);
			runOnlyForDeploymentPostprocessing = 0;
		};
		30BA0A6029A924FC00B0B3AB /* Sources */ = {
			isa = PBXSourcesBuildPhase;
			buildActionMask = 2147483647;
			files = (
				30BA0A6B29A924FC00B0B3AB /* Monk_ModeUITestsLaunchTests.swift in Sources */,
				30BA0A6929A924FC00B0B3AB /* Monk_ModeUITests.swift in Sources */,
			);
			runOnlyForDeploymentPostprocessing = 0;
		};
		30C59FD129D30E1000C9DE3C /* Sources */ = {
			isa = PBXSourcesBuildPhase;
			buildActionMask = 2147483647;
			files = (
				30C59FDC29D30E1000C9DE3C /* LockScreenWidget.swift in Sources */,
				30C59FDA29D30E1000C9DE3C /* LockScreenWidgetBundle.swift in Sources */,
			);
			runOnlyForDeploymentPostprocessing = 0;
		};
		30C5D9A729CA44AF00133663 /* Sources */ = {
			isa = PBXSourcesBuildPhase;
			buildActionMask = 2147483647;
			files = (
				30C5D9B429CA44AF00133663 /* LevelWidget.swift in Sources */,
				30C5D9C029CA729600133663 /* Colors_Widget.swift in Sources */,
				30C5D9B229CA44AF00133663 /* LevelWidgetBundle.swift in Sources */,
			);
			runOnlyForDeploymentPostprocessing = 0;
		};
/* End PBXSourcesBuildPhase section */

/* Begin PBXTargetDependency section */
		3076830229CB2F7600DF3B94 /* PBXTargetDependency */ = {
			isa = PBXTargetDependency;
			target = 307682F529CB2F7400DF3B94 /* HabitsWidgetExtension */;
			targetProxy = 3076830129CB2F7600DF3B94 /* PBXContainerItemProxy */;
		};
		30BA0A5C29A924FC00B0B3AB /* PBXTargetDependency */ = {
			isa = PBXTargetDependency;
			target = 30BA0A4929A924FA00B0B3AB /* Monk Mode */;
			targetProxy = 30BA0A5B29A924FC00B0B3AB /* PBXContainerItemProxy */;
		};
		30BA0A6629A924FC00B0B3AB /* PBXTargetDependency */ = {
			isa = PBXTargetDependency;
			target = 30BA0A4929A924FA00B0B3AB /* Monk Mode */;
			targetProxy = 30BA0A6529A924FC00B0B3AB /* PBXContainerItemProxy */;
		};
		30C59FE129D30E1200C9DE3C /* PBXTargetDependency */ = {
			isa = PBXTargetDependency;
			target = 30C59FD429D30E1000C9DE3C /* LockScreenWidgetExtension */;
			targetProxy = 30C59FE029D30E1200C9DE3C /* PBXContainerItemProxy */;
		};
		30C5D9B929CA44B000133663 /* PBXTargetDependency */ = {
			isa = PBXTargetDependency;
			target = 30C5D9AA29CA44AF00133663 /* LevelWidgetExtension */;
			targetProxy = 30C5D9B829CA44B000133663 /* PBXContainerItemProxy */;
		};
/* End PBXTargetDependency section */

/* Begin XCBuildConfiguration section */
		3076830529CB2F7600DF3B94 /* Debug */ = {
			isa = XCBuildConfiguration;
			baseConfigurationReference = 6BF52FBA1C1EF1CAA46FE6CE /* Pods-Monk Mode-HabitsWidgetExtension.debug.xcconfig */;
			buildSettings = {
				ASSETCATALOG_COMPILER_GLOBAL_ACCENT_COLOR_NAME = AccentColor;
				ASSETCATALOG_COMPILER_WIDGET_BACKGROUND_COLOR_NAME = WidgetBackground;
				CODE_SIGN_ENTITLEMENTS = HabitsWidgetExtension.entitlements;
				CODE_SIGN_IDENTITY = "Apple Development";
				CODE_SIGN_STYLE = Automatic;
				CURRENT_PROJECT_VERSION = 1;
				DEVELOPMENT_TEAM = GRRYM4KT64;
				GENERATE_INFOPLIST_FILE = YES;
				INFOPLIST_FILE = HabitsWidget/Info.plist;
				INFOPLIST_KEY_CFBundleDisplayName = HabitsWidget;
				INFOPLIST_KEY_NSHumanReadableCopyright = "";
				IPHONEOS_DEPLOYMENT_TARGET = 16.2;
				LD_RUNPATH_SEARCH_PATHS = (
					"$(inherited)",
					"@executable_path/Frameworks",
					"@executable_path/../../Frameworks",
				);
				MARKETING_VERSION = 1.0;
				PRODUCT_BUNDLE_IDENTIFIER = "com.WeInteractive.Monk-Mode.HabitsWidget";
				PRODUCT_MODULE_NAME = "$(TARGET_NAME)";
				PRODUCT_NAME = "$(TARGET_NAME)";
				SKIP_INSTALL = YES;
				SWIFT_EMIT_LOC_STRINGS = YES;
				SWIFT_VERSION = 5.0;
				TARGETED_DEVICE_FAMILY = "1,2";
			};
			name = Debug;
		};
		3076830629CB2F7600DF3B94 /* Release */ = {
			isa = XCBuildConfiguration;
			baseConfigurationReference = 02DDE48E9BFEC7552E594022 /* Pods-Monk Mode-HabitsWidgetExtension.release.xcconfig */;
			buildSettings = {
				ASSETCATALOG_COMPILER_GLOBAL_ACCENT_COLOR_NAME = AccentColor;
				ASSETCATALOG_COMPILER_WIDGET_BACKGROUND_COLOR_NAME = WidgetBackground;
				CODE_SIGN_ENTITLEMENTS = HabitsWidgetExtension.entitlements;
				CODE_SIGN_IDENTITY = "Apple Development";
				CODE_SIGN_STYLE = Automatic;
				CURRENT_PROJECT_VERSION = 1;
				DEVELOPMENT_TEAM = GRRYM4KT64;
				GENERATE_INFOPLIST_FILE = YES;
				INFOPLIST_FILE = HabitsWidget/Info.plist;
				INFOPLIST_KEY_CFBundleDisplayName = HabitsWidget;
				INFOPLIST_KEY_NSHumanReadableCopyright = "";
				IPHONEOS_DEPLOYMENT_TARGET = 16.2;
				LD_RUNPATH_SEARCH_PATHS = (
					"$(inherited)",
					"@executable_path/Frameworks",
					"@executable_path/../../Frameworks",
				);
				MARKETING_VERSION = 1.0;
				PRODUCT_BUNDLE_IDENTIFIER = "com.WeInteractive.Monk-Mode.HabitsWidget";
				PRODUCT_MODULE_NAME = "$(TARGET_NAME)";
				PRODUCT_NAME = "$(TARGET_NAME)";
				SKIP_INSTALL = YES;
				SWIFT_EMIT_LOC_STRINGS = YES;
				SWIFT_VERSION = 5.0;
				TARGETED_DEVICE_FAMILY = "1,2";
			};
			name = Release;
		};
		30BA0A6C29A924FC00B0B3AB /* Debug */ = {
			isa = XCBuildConfiguration;
			buildSettings = {
				ALWAYS_SEARCH_USER_PATHS = NO;
				CLANG_ANALYZER_NONNULL = YES;
				CLANG_ANALYZER_NUMBER_OBJECT_CONVERSION = YES_AGGRESSIVE;
				CLANG_CXX_LANGUAGE_STANDARD = "gnu++20";
				CLANG_ENABLE_MODULES = YES;
				CLANG_ENABLE_OBJC_ARC = YES;
				CLANG_ENABLE_OBJC_WEAK = YES;
				CLANG_WARN_BLOCK_CAPTURE_AUTORELEASING = YES;
				CLANG_WARN_BOOL_CONVERSION = YES;
				CLANG_WARN_COMMA = YES;
				CLANG_WARN_CONSTANT_CONVERSION = YES;
				CLANG_WARN_DEPRECATED_OBJC_IMPLEMENTATIONS = YES;
				CLANG_WARN_DIRECT_OBJC_ISA_USAGE = YES_ERROR;
				CLANG_WARN_DOCUMENTATION_COMMENTS = YES;
				CLANG_WARN_EMPTY_BODY = YES;
				CLANG_WARN_ENUM_CONVERSION = YES;
				CLANG_WARN_INFINITE_RECURSION = YES;
				CLANG_WARN_INT_CONVERSION = YES;
				CLANG_WARN_NON_LITERAL_NULL_CONVERSION = YES;
				CLANG_WARN_OBJC_IMPLICIT_RETAIN_SELF = YES;
				CLANG_WARN_OBJC_LITERAL_CONVERSION = YES;
				CLANG_WARN_OBJC_ROOT_CLASS = YES_ERROR;
				CLANG_WARN_QUOTED_INCLUDE_IN_FRAMEWORK_HEADER = YES;
				CLANG_WARN_RANGE_LOOP_ANALYSIS = YES;
				CLANG_WARN_STRICT_PROTOTYPES = YES;
				CLANG_WARN_SUSPICIOUS_MOVE = YES;
				CLANG_WARN_UNGUARDED_AVAILABILITY = YES_AGGRESSIVE;
				CLANG_WARN_UNREACHABLE_CODE = YES;
				CLANG_WARN__DUPLICATE_METHOD_MATCH = YES;
				COPY_PHASE_STRIP = NO;
				DEBUG_INFORMATION_FORMAT = dwarf;
				ENABLE_STRICT_OBJC_MSGSEND = YES;
				ENABLE_TESTABILITY = YES;
				GCC_C_LANGUAGE_STANDARD = gnu11;
				GCC_DYNAMIC_NO_PIC = NO;
				GCC_NO_COMMON_BLOCKS = YES;
				GCC_OPTIMIZATION_LEVEL = 0;
				GCC_PREPROCESSOR_DEFINITIONS = (
					"DEBUG=1",
					"$(inherited)",
				);
				GCC_WARN_64_TO_32_BIT_CONVERSION = YES;
				GCC_WARN_ABOUT_RETURN_TYPE = YES_ERROR;
				GCC_WARN_UNDECLARED_SELECTOR = YES;
				GCC_WARN_UNINITIALIZED_AUTOS = YES_AGGRESSIVE;
				GCC_WARN_UNUSED_FUNCTION = YES;
				GCC_WARN_UNUSED_VARIABLE = YES;
				IPHONEOS_DEPLOYMENT_TARGET = 16.2;
				MTL_ENABLE_DEBUG_INFO = INCLUDE_SOURCE;
				MTL_FAST_MATH = YES;
				ONLY_ACTIVE_ARCH = YES;
				SDKROOT = iphoneos;
				SWIFT_ACTIVE_COMPILATION_CONDITIONS = DEBUG;
				SWIFT_OPTIMIZATION_LEVEL = "-Onone";
			};
			name = Debug;
		};
		30BA0A6D29A924FC00B0B3AB /* Release */ = {
			isa = XCBuildConfiguration;
			buildSettings = {
				ALWAYS_SEARCH_USER_PATHS = NO;
				CLANG_ANALYZER_NONNULL = YES;
				CLANG_ANALYZER_NUMBER_OBJECT_CONVERSION = YES_AGGRESSIVE;
				CLANG_CXX_LANGUAGE_STANDARD = "gnu++20";
				CLANG_ENABLE_MODULES = YES;
				CLANG_ENABLE_OBJC_ARC = YES;
				CLANG_ENABLE_OBJC_WEAK = YES;
				CLANG_WARN_BLOCK_CAPTURE_AUTORELEASING = YES;
				CLANG_WARN_BOOL_CONVERSION = YES;
				CLANG_WARN_COMMA = YES;
				CLANG_WARN_CONSTANT_CONVERSION = YES;
				CLANG_WARN_DEPRECATED_OBJC_IMPLEMENTATIONS = YES;
				CLANG_WARN_DIRECT_OBJC_ISA_USAGE = YES_ERROR;
				CLANG_WARN_DOCUMENTATION_COMMENTS = YES;
				CLANG_WARN_EMPTY_BODY = YES;
				CLANG_WARN_ENUM_CONVERSION = YES;
				CLANG_WARN_INFINITE_RECURSION = YES;
				CLANG_WARN_INT_CONVERSION = YES;
				CLANG_WARN_NON_LITERAL_NULL_CONVERSION = YES;
				CLANG_WARN_OBJC_IMPLICIT_RETAIN_SELF = YES;
				CLANG_WARN_OBJC_LITERAL_CONVERSION = YES;
				CLANG_WARN_OBJC_ROOT_CLASS = YES_ERROR;
				CLANG_WARN_QUOTED_INCLUDE_IN_FRAMEWORK_HEADER = YES;
				CLANG_WARN_RANGE_LOOP_ANALYSIS = YES;
				CLANG_WARN_STRICT_PROTOTYPES = YES;
				CLANG_WARN_SUSPICIOUS_MOVE = YES;
				CLANG_WARN_UNGUARDED_AVAILABILITY = YES_AGGRESSIVE;
				CLANG_WARN_UNREACHABLE_CODE = YES;
				CLANG_WARN__DUPLICATE_METHOD_MATCH = YES;
				COPY_PHASE_STRIP = NO;
				DEBUG_INFORMATION_FORMAT = "dwarf-with-dsym";
				ENABLE_NS_ASSERTIONS = NO;
				ENABLE_STRICT_OBJC_MSGSEND = YES;
				GCC_C_LANGUAGE_STANDARD = gnu11;
				GCC_NO_COMMON_BLOCKS = YES;
				GCC_WARN_64_TO_32_BIT_CONVERSION = YES;
				GCC_WARN_ABOUT_RETURN_TYPE = YES_ERROR;
				GCC_WARN_UNDECLARED_SELECTOR = YES;
				GCC_WARN_UNINITIALIZED_AUTOS = YES_AGGRESSIVE;
				GCC_WARN_UNUSED_FUNCTION = YES;
				GCC_WARN_UNUSED_VARIABLE = YES;
				IPHONEOS_DEPLOYMENT_TARGET = 16.2;
				MTL_ENABLE_DEBUG_INFO = NO;
				MTL_FAST_MATH = YES;
				SDKROOT = iphoneos;
				SWIFT_COMPILATION_MODE = wholemodule;
				SWIFT_OPTIMIZATION_LEVEL = "-O";
				VALIDATE_PRODUCT = YES;
			};
			name = Release;
		};
		30BA0A6F29A924FC00B0B3AB /* Debug */ = {
			isa = XCBuildConfiguration;
			baseConfigurationReference = 1EB10962026CD8D6DCA9DBE8 /* Pods-Monk Mode.debug.xcconfig */;
			buildSettings = {
				ALWAYS_EMBED_SWIFT_STANDARD_LIBRARIES = YES;
				ASSETCATALOG_COMPILER_APPICON_NAME = AppIcon;
				ASSETCATALOG_COMPILER_GLOBAL_ACCENT_COLOR_NAME = AccentColor;
				CODE_SIGN_ENTITLEMENTS = "Monk Mode/Monk Mode.entitlements";
				CODE_SIGN_IDENTITY = "Apple Development";
				CODE_SIGN_STYLE = Automatic;
				CURRENT_PROJECT_VERSION = 16;
				DEVELOPMENT_ASSET_PATHS = "\"Monk Mode/Preview Content\"";
				DEVELOPMENT_TEAM = GRRYM4KT64;
				ENABLE_PREVIEWS = YES;
				GENERATE_INFOPLIST_FILE = YES;
				INFOPLIST_FILE = "Monk-Mode-Info.plist";
				INFOPLIST_KEY_CFBundleDisplayName = "Monk Mode:  Habit Tracker";
				INFOPLIST_KEY_LSApplicationCategoryType = "public.app-category.lifestyle";
				INFOPLIST_KEY_UIApplicationSceneManifest_Generation = YES;
				INFOPLIST_KEY_UIApplicationSupportsIndirectInputEvents = YES;
				INFOPLIST_KEY_UILaunchScreen_Generation = YES;
				INFOPLIST_KEY_UISupportedInterfaceOrientations_iPad = "UIInterfaceOrientationPortrait UIInterfaceOrientationPortraitUpsideDown UIInterfaceOrientationLandscapeLeft UIInterfaceOrientationLandscapeRight";
				INFOPLIST_KEY_UISupportedInterfaceOrientations_iPhone = UIInterfaceOrientationPortrait;
				IPHONEOS_DEPLOYMENT_TARGET = 16.0;
				LD_RUNPATH_SEARCH_PATHS = (
					"$(inherited)",
					"@executable_path/Frameworks",
				);
				MARKETING_VERSION = 1.2.13;
				PRODUCT_BUNDLE_IDENTIFIER = "com.WeInteractive.Monk-Mode";
				PRODUCT_NAME = "$(TARGET_NAME)";
				PROVISIONING_PROFILE_SPECIFIER = "";
				SUPPORTED_PLATFORMS = "iphoneos iphonesimulator";
				SUPPORTS_MACCATALYST = NO;
				SUPPORTS_MAC_DESIGNED_FOR_IPHONE_IPAD = NO;
				SWIFT_EMIT_LOC_STRINGS = YES;
				SWIFT_VERSION = 5.0;
				TARGETED_DEVICE_FAMILY = 1;
			};
			name = Debug;
		};
		30BA0A7029A924FC00B0B3AB /* Release */ = {
			isa = XCBuildConfiguration;
			baseConfigurationReference = 7D8CDAC183A9EC77082766D7 /* Pods-Monk Mode.release.xcconfig */;
			buildSettings = {
				ALWAYS_EMBED_SWIFT_STANDARD_LIBRARIES = YES;
				ASSETCATALOG_COMPILER_APPICON_NAME = AppIcon;
				ASSETCATALOG_COMPILER_GLOBAL_ACCENT_COLOR_NAME = AccentColor;
				CODE_SIGN_ENTITLEMENTS = "Monk Mode/Monk Mode.entitlements";
				CODE_SIGN_IDENTITY = "Apple Development";
				CODE_SIGN_STYLE = Automatic;
				CURRENT_PROJECT_VERSION = 16;
				DEVELOPMENT_ASSET_PATHS = "\"Monk Mode/Preview Content\"";
				DEVELOPMENT_TEAM = GRRYM4KT64;
				ENABLE_PREVIEWS = YES;
				GENERATE_INFOPLIST_FILE = YES;
				INFOPLIST_FILE = "Monk-Mode-Info.plist";
				INFOPLIST_KEY_CFBundleDisplayName = "Monk Mode:  Habit Tracker";
				INFOPLIST_KEY_LSApplicationCategoryType = "public.app-category.lifestyle";
				INFOPLIST_KEY_UIApplicationSceneManifest_Generation = YES;
				INFOPLIST_KEY_UIApplicationSupportsIndirectInputEvents = YES;
				INFOPLIST_KEY_UILaunchScreen_Generation = YES;
				INFOPLIST_KEY_UISupportedInterfaceOrientations_iPad = "UIInterfaceOrientationPortrait UIInterfaceOrientationPortraitUpsideDown UIInterfaceOrientationLandscapeLeft UIInterfaceOrientationLandscapeRight";
				INFOPLIST_KEY_UISupportedInterfaceOrientations_iPhone = UIInterfaceOrientationPortrait;
				IPHONEOS_DEPLOYMENT_TARGET = 16.0;
				LD_RUNPATH_SEARCH_PATHS = (
					"$(inherited)",
					"@executable_path/Frameworks",
				);
				MARKETING_VERSION = 1.2.13;
				PRODUCT_BUNDLE_IDENTIFIER = "com.WeInteractive.Monk-Mode";
				PRODUCT_NAME = "$(TARGET_NAME)";
				PROVISIONING_PROFILE_SPECIFIER = "";
				SUPPORTED_PLATFORMS = "iphoneos iphonesimulator";
				SUPPORTS_MACCATALYST = NO;
				SUPPORTS_MAC_DESIGNED_FOR_IPHONE_IPAD = NO;
				SWIFT_EMIT_LOC_STRINGS = YES;
				SWIFT_VERSION = 5.0;
				TARGETED_DEVICE_FAMILY = 1;
			};
			name = Release;
		};
		30BA0A7229A924FC00B0B3AB /* Debug */ = {
			isa = XCBuildConfiguration;
			baseConfigurationReference = F1FCD8A1100A97B100A85028 /* Pods-Monk ModeTests.debug.xcconfig */;
			buildSettings = {
				ALWAYS_EMBED_SWIFT_STANDARD_LIBRARIES = YES;
				BUNDLE_LOADER = "$(TEST_HOST)";
				CODE_SIGN_STYLE = Automatic;
				CURRENT_PROJECT_VERSION = 1;
				DEVELOPMENT_TEAM = GRRYM4KT64;
				GENERATE_INFOPLIST_FILE = YES;
				IPHONEOS_DEPLOYMENT_TARGET = 16.2;
				MARKETING_VERSION = 1.0;
				PRODUCT_BUNDLE_IDENTIFIER = "com.WeInteractive.Monk-ModeTests";
				PRODUCT_NAME = "$(TARGET_NAME)";
				SWIFT_EMIT_LOC_STRINGS = NO;
				SWIFT_VERSION = 5.0;
				TARGETED_DEVICE_FAMILY = "1,2";
				TEST_HOST = "$(BUILT_PRODUCTS_DIR)/Monk Mode.app/$(BUNDLE_EXECUTABLE_FOLDER_PATH)/Monk Mode";
			};
			name = Debug;
		};
		30BA0A7329A924FC00B0B3AB /* Release */ = {
			isa = XCBuildConfiguration;
			baseConfigurationReference = 340428C4E9927FA0BFF07417 /* Pods-Monk ModeTests.release.xcconfig */;
			buildSettings = {
				ALWAYS_EMBED_SWIFT_STANDARD_LIBRARIES = YES;
				BUNDLE_LOADER = "$(TEST_HOST)";
				CODE_SIGN_STYLE = Automatic;
				CURRENT_PROJECT_VERSION = 1;
				DEVELOPMENT_TEAM = GRRYM4KT64;
				GENERATE_INFOPLIST_FILE = YES;
				IPHONEOS_DEPLOYMENT_TARGET = 16.2;
				MARKETING_VERSION = 1.0;
				PRODUCT_BUNDLE_IDENTIFIER = "com.WeInteractive.Monk-ModeTests";
				PRODUCT_NAME = "$(TARGET_NAME)";
				SWIFT_EMIT_LOC_STRINGS = NO;
				SWIFT_VERSION = 5.0;
				TARGETED_DEVICE_FAMILY = "1,2";
				TEST_HOST = "$(BUILT_PRODUCTS_DIR)/Monk Mode.app/$(BUNDLE_EXECUTABLE_FOLDER_PATH)/Monk Mode";
			};
			name = Release;
		};
		30BA0A7529A924FC00B0B3AB /* Debug */ = {
			isa = XCBuildConfiguration;
			baseConfigurationReference = CCAB5162D6548743DB477E44 /* Pods-Monk Mode-Monk ModeUITests.debug.xcconfig */;
			buildSettings = {
				ALWAYS_EMBED_SWIFT_STANDARD_LIBRARIES = YES;
				CODE_SIGN_STYLE = Automatic;
				CURRENT_PROJECT_VERSION = 1;
				DEVELOPMENT_TEAM = GRRYM4KT64;
				GENERATE_INFOPLIST_FILE = YES;
				MARKETING_VERSION = 1.0;
				PRODUCT_BUNDLE_IDENTIFIER = "com.WeInteractive.Monk-ModeUITests";
				PRODUCT_NAME = "$(TARGET_NAME)";
				SWIFT_EMIT_LOC_STRINGS = NO;
				SWIFT_VERSION = 5.0;
				TARGETED_DEVICE_FAMILY = "1,2";
				TEST_TARGET_NAME = "Monk Mode";
			};
			name = Debug;
		};
		30BA0A7629A924FC00B0B3AB /* Release */ = {
			isa = XCBuildConfiguration;
			baseConfigurationReference = B3D3F8E403667F9B93622A11 /* Pods-Monk Mode-Monk ModeUITests.release.xcconfig */;
			buildSettings = {
				ALWAYS_EMBED_SWIFT_STANDARD_LIBRARIES = YES;
				CODE_SIGN_STYLE = Automatic;
				CURRENT_PROJECT_VERSION = 1;
				DEVELOPMENT_TEAM = GRRYM4KT64;
				GENERATE_INFOPLIST_FILE = YES;
				MARKETING_VERSION = 1.0;
				PRODUCT_BUNDLE_IDENTIFIER = "com.WeInteractive.Monk-ModeUITests";
				PRODUCT_NAME = "$(TARGET_NAME)";
				SWIFT_EMIT_LOC_STRINGS = NO;
				SWIFT_VERSION = 5.0;
				TARGETED_DEVICE_FAMILY = "1,2";
				TEST_TARGET_NAME = "Monk Mode";
			};
			name = Release;
		};
		30C59FE329D30E1200C9DE3C /* Debug */ = {
			isa = XCBuildConfiguration;
			buildSettings = {
				ASSETCATALOG_COMPILER_GLOBAL_ACCENT_COLOR_NAME = AccentColor;
				ASSETCATALOG_COMPILER_WIDGET_BACKGROUND_COLOR_NAME = WidgetBackground;
				CODE_SIGN_ENTITLEMENTS = LockScreenWidgetExtension.entitlements;
				CODE_SIGN_IDENTITY = "Apple Development";
				CODE_SIGN_STYLE = Automatic;
				CURRENT_PROJECT_VERSION = 1;
				DEVELOPMENT_TEAM = GRRYM4KT64;
				GENERATE_INFOPLIST_FILE = YES;
				INFOPLIST_FILE = LockScreenWidget/Info.plist;
				INFOPLIST_KEY_CFBundleDisplayName = LockScreenWidget;
				INFOPLIST_KEY_NSHumanReadableCopyright = "";
				LD_RUNPATH_SEARCH_PATHS = (
					"$(inherited)",
					"@executable_path/Frameworks",
					"@executable_path/../../Frameworks",
				);
				MARKETING_VERSION = 1.0;
				PRODUCT_BUNDLE_IDENTIFIER = "com.WeInteractive.Monk-Mode.LockScreenWidget";
				PRODUCT_NAME = "$(TARGET_NAME)";
				SKIP_INSTALL = YES;
				SWIFT_EMIT_LOC_STRINGS = YES;
				SWIFT_VERSION = 5.0;
				TARGETED_DEVICE_FAMILY = "1,2";
			};
			name = Debug;
		};
		30C59FE429D30E1200C9DE3C /* Release */ = {
			isa = XCBuildConfiguration;
			buildSettings = {
				ASSETCATALOG_COMPILER_GLOBAL_ACCENT_COLOR_NAME = AccentColor;
				ASSETCATALOG_COMPILER_WIDGET_BACKGROUND_COLOR_NAME = WidgetBackground;
				CODE_SIGN_ENTITLEMENTS = LockScreenWidgetExtension.entitlements;
				CODE_SIGN_IDENTITY = "Apple Development";
				CODE_SIGN_STYLE = Automatic;
				CURRENT_PROJECT_VERSION = 1;
				DEVELOPMENT_TEAM = GRRYM4KT64;
				GENERATE_INFOPLIST_FILE = YES;
				INFOPLIST_FILE = LockScreenWidget/Info.plist;
				INFOPLIST_KEY_CFBundleDisplayName = LockScreenWidget;
				INFOPLIST_KEY_NSHumanReadableCopyright = "";
				LD_RUNPATH_SEARCH_PATHS = (
					"$(inherited)",
					"@executable_path/Frameworks",
					"@executable_path/../../Frameworks",
				);
				MARKETING_VERSION = 1.0;
				PRODUCT_BUNDLE_IDENTIFIER = "com.WeInteractive.Monk-Mode.LockScreenWidget";
				PRODUCT_NAME = "$(TARGET_NAME)";
				SKIP_INSTALL = YES;
				SWIFT_EMIT_LOC_STRINGS = YES;
				SWIFT_VERSION = 5.0;
				TARGETED_DEVICE_FAMILY = "1,2";
			};
			name = Release;
		};
		30C5D9BC29CA44B000133663 /* Debug */ = {
			isa = XCBuildConfiguration;
			buildSettings = {
				ASSETCATALOG_COMPILER_GLOBAL_ACCENT_COLOR_NAME = AccentColor;
				ASSETCATALOG_COMPILER_WIDGET_BACKGROUND_COLOR_NAME = WidgetBackground;
				CODE_SIGN_ENTITLEMENTS = LevelWidgetExtension.entitlements;
				CODE_SIGN_IDENTITY = "Apple Development";
				CODE_SIGN_STYLE = Automatic;
				CURRENT_PROJECT_VERSION = 1;
				DEVELOPMENT_TEAM = GRRYM4KT64;
				GENERATE_INFOPLIST_FILE = YES;
				INFOPLIST_FILE = LevelWidget/Info.plist;
				INFOPLIST_KEY_CFBundleDisplayName = LevelWidget;
				INFOPLIST_KEY_NSHumanReadableCopyright = "";
				LD_RUNPATH_SEARCH_PATHS = (
					"$(inherited)",
					"@executable_path/Frameworks",
					"@executable_path/../../Frameworks",
				);
				MARKETING_VERSION = 1.0;
				PRODUCT_BUNDLE_IDENTIFIER = "com.WeInteractive.Monk-Mode.LevelWidget";
				PRODUCT_NAME = "$(TARGET_NAME)";
				PROVISIONING_PROFILE_SPECIFIER = "";
				SKIP_INSTALL = YES;
				SWIFT_EMIT_LOC_STRINGS = YES;
				SWIFT_VERSION = 5.0;
				TARGETED_DEVICE_FAMILY = "1,2";
			};
			name = Debug;
		};
		30C5D9BD29CA44B000133663 /* Release */ = {
			isa = XCBuildConfiguration;
			buildSettings = {
				ASSETCATALOG_COMPILER_GLOBAL_ACCENT_COLOR_NAME = AccentColor;
				ASSETCATALOG_COMPILER_WIDGET_BACKGROUND_COLOR_NAME = WidgetBackground;
				CODE_SIGN_ENTITLEMENTS = LevelWidgetExtension.entitlements;
				CODE_SIGN_IDENTITY = "Apple Development";
				CODE_SIGN_STYLE = Automatic;
				CURRENT_PROJECT_VERSION = 1;
				DEVELOPMENT_TEAM = GRRYM4KT64;
				GENERATE_INFOPLIST_FILE = YES;
				INFOPLIST_FILE = LevelWidget/Info.plist;
				INFOPLIST_KEY_CFBundleDisplayName = LevelWidget;
				INFOPLIST_KEY_NSHumanReadableCopyright = "";
				LD_RUNPATH_SEARCH_PATHS = (
					"$(inherited)",
					"@executable_path/Frameworks",
					"@executable_path/../../Frameworks",
				);
				MARKETING_VERSION = 1.0;
				PRODUCT_BUNDLE_IDENTIFIER = "com.WeInteractive.Monk-Mode.LevelWidget";
				PRODUCT_NAME = "$(TARGET_NAME)";
				PROVISIONING_PROFILE_SPECIFIER = "";
				SKIP_INSTALL = YES;
				SWIFT_EMIT_LOC_STRINGS = YES;
				SWIFT_VERSION = 5.0;
				TARGETED_DEVICE_FAMILY = "1,2";
			};
			name = Release;
		};
/* End XCBuildConfiguration section */

/* Begin XCConfigurationList section */
		3076830429CB2F7600DF3B94 /* Build configuration list for PBXNativeTarget "HabitsWidgetExtension" */ = {
			isa = XCConfigurationList;
			buildConfigurations = (
				3076830529CB2F7600DF3B94 /* Debug */,
				3076830629CB2F7600DF3B94 /* Release */,
			);
			defaultConfigurationIsVisible = 0;
			defaultConfigurationName = Release;
		};
		30BA0A4529A924FA00B0B3AB /* Build configuration list for PBXProject "Monk Mode" */ = {
			isa = XCConfigurationList;
			buildConfigurations = (
				30BA0A6C29A924FC00B0B3AB /* Debug */,
				30BA0A6D29A924FC00B0B3AB /* Release */,
			);
			defaultConfigurationIsVisible = 0;
			defaultConfigurationName = Release;
		};
		30BA0A6E29A924FC00B0B3AB /* Build configuration list for PBXNativeTarget "Monk Mode" */ = {
			isa = XCConfigurationList;
			buildConfigurations = (
				30BA0A6F29A924FC00B0B3AB /* Debug */,
				30BA0A7029A924FC00B0B3AB /* Release */,
			);
			defaultConfigurationIsVisible = 0;
			defaultConfigurationName = Release;
		};
		30BA0A7129A924FC00B0B3AB /* Build configuration list for PBXNativeTarget "Monk ModeTests" */ = {
			isa = XCConfigurationList;
			buildConfigurations = (
				30BA0A7229A924FC00B0B3AB /* Debug */,
				30BA0A7329A924FC00B0B3AB /* Release */,
			);
			defaultConfigurationIsVisible = 0;
			defaultConfigurationName = Release;
		};
		30BA0A7429A924FC00B0B3AB /* Build configuration list for PBXNativeTarget "Monk ModeUITests" */ = {
			isa = XCConfigurationList;
			buildConfigurations = (
				30BA0A7529A924FC00B0B3AB /* Debug */,
				30BA0A7629A924FC00B0B3AB /* Release */,
			);
			defaultConfigurationIsVisible = 0;
			defaultConfigurationName = Release;
		};
		30C59FE529D30E1200C9DE3C /* Build configuration list for PBXNativeTarget "LockScreenWidgetExtension" */ = {
			isa = XCConfigurationList;
			buildConfigurations = (
				30C59FE329D30E1200C9DE3C /* Debug */,
				30C59FE429D30E1200C9DE3C /* Release */,
			);
			defaultConfigurationIsVisible = 0;
			defaultConfigurationName = Release;
		};
		30C5D9BE29CA44B000133663 /* Build configuration list for PBXNativeTarget "LevelWidgetExtension" */ = {
			isa = XCConfigurationList;
			buildConfigurations = (
				30C5D9BC29CA44B000133663 /* Debug */,
				30C5D9BD29CA44B000133663 /* Release */,
			);
			defaultConfigurationIsVisible = 0;
			defaultConfigurationName = Release;
		};
/* End XCConfigurationList section */

/* Begin XCRemoteSwiftPackageReference section */
		30365FCA29CC9B4D0094F3D5 /* XCRemoteSwiftPackageReference "firebase-ios-sdk" */ = {
			isa = XCRemoteSwiftPackageReference;
			repositoryURL = "https://github.com/firebase/firebase-ios-sdk.git";
			requirement = {
				branch = master;
				kind = branch;
			};
		};
/* End XCRemoteSwiftPackageReference section */
	};
	rootObject = 30BA0A4229A924FA00B0B3AB /* Project object */;
}
